// !$*UTF8*$!
{
	archiveVersion = 1;
	classes = {
	};
	objectVersion = 50;
	objects = {

/* Begin PBXBuildFile section */
		AA059BDB218856BD00DD2EC4 /* NNTradeDetailView.m in Sources */ = {isa = PBXBuildFile; fileRef = AA059BD3218856BD00DD2EC4 /* NNTradeDetailView.m */; };
		AA059BDC218856BD00DD2EC4 /* NNTagCell.m in Sources */ = {isa = PBXBuildFile; fileRef = AA059BD6218856BD00DD2EC4 /* NNTagCell.m */; };
		AA059BDD218856BD00DD2EC4 /* NNDropListView.m in Sources */ = {isa = PBXBuildFile; fileRef = AA059BD7218856BD00DD2EC4 /* NNDropListView.m */; };
		AA059BDE218856BD00DD2EC4 /* NNKlineSegementView.m in Sources */ = {isa = PBXBuildFile; fileRef = AA059BD8218856BD00DD2EC4 /* NNKlineSegementView.m */; };
		AA059C1E218856CC00DD2EC4 /* Y_StockChartGlobalVariable.m in Sources */ = {isa = PBXBuildFile; fileRef = AA059BE4218856CC00DD2EC4 /* Y_StockChartGlobalVariable.m */; };
		AA059C1F218856CC00DD2EC4 /* UIColor+Y_StockChart.m in Sources */ = {isa = PBXBuildFile; fileRef = AA059BE9218856CC00DD2EC4 /* UIColor+Y_StockChart.m */; };
		AA059C20218856CC00DD2EC4 /* Y_StockChartView.m in Sources */ = {isa = PBXBuildFile; fileRef = AA059BEA218856CC00DD2EC4 /* Y_StockChartView.m */; };
		AA059C21218856CC00DD2EC4 /* Y_KLineMAView.m in Sources */ = {isa = PBXBuildFile; fileRef = AA059BEE218856CC00DD2EC4 /* Y_KLineMAView.m */; };
		AA059C22218856CC00DD2EC4 /* Y_KLineView.m in Sources */ = {isa = PBXBuildFile; fileRef = AA059BEF218856CC00DD2EC4 /* Y_KLineView.m */; };
		AA059C23218856CC00DD2EC4 /* Y_StockChartRightYView.m in Sources */ = {isa = PBXBuildFile; fileRef = AA059BF1218856CC00DD2EC4 /* Y_StockChartRightYView.m */; };
		AA059C24218856CC00DD2EC4 /* Y_VolumeMAView.m in Sources */ = {isa = PBXBuildFile; fileRef = AA059BF5218856CC00DD2EC4 /* Y_VolumeMAView.m */; };
		AA059C25218856CC00DD2EC4 /* Y_KLineAccessoryView.m in Sources */ = {isa = PBXBuildFile; fileRef = AA059BF7218856CC00DD2EC4 /* Y_KLineAccessoryView.m */; };
		AA059C26218856CC00DD2EC4 /* Y_KLineAccessory.m in Sources */ = {isa = PBXBuildFile; fileRef = AA059BFA218856CC00DD2EC4 /* Y_KLineAccessory.m */; };
		AA059C27218856CC00DD2EC4 /* Y_AccessoryMAView.m in Sources */ = {isa = PBXBuildFile; fileRef = AA059BFD218856CC00DD2EC4 /* Y_AccessoryMAView.m */; };
		AA059C28218856CC00DD2EC4 /* Y_KLinePositionModel.m in Sources */ = {isa = PBXBuildFile; fileRef = AA059C01218856CC00DD2EC4 /* Y_KLinePositionModel.m */; };
		AA059C29218856CC00DD2EC4 /* MA-EMA-MACD介绍.md in Resources */ = {isa = PBXBuildFile; fileRef = AA059C02218856CC00DD2EC4 /* MA-EMA-MACD介绍.md */; };
		AA059C2A218856CC00DD2EC4 /* Y_KLineModel.m in Sources */ = {isa = PBXBuildFile; fileRef = AA059C07218856CC00DD2EC4 /* Y_KLineModel.m */; };
		AA059C2B218856CC00DD2EC4 /* 指标公式.md in Resources */ = {isa = PBXBuildFile; fileRef = AA059C08218856CC00DD2EC4 /* 指标公式.md */; };
		AA059C2C218856CC00DD2EC4 /* Y_KLineGroupModel.m in Sources */ = {isa = PBXBuildFile; fileRef = AA059C09218856CC00DD2EC4 /* Y_KLineGroupModel.m */; };
		AA059C2D218856CC00DD2EC4 /* KDJ介绍.md in Resources */ = {isa = PBXBuildFile; fileRef = AA059C0A218856CC00DD2EC4 /* KDJ介绍.md */; };
		AA059C2E218856CC00DD2EC4 /* Y_KLineVolumePositionModel.m in Sources */ = {isa = PBXBuildFile; fileRef = AA059C0B218856CC00DD2EC4 /* Y_KLineVolumePositionModel.m */; };
		AA059C2F218856CC00DD2EC4 /* Y_KLineVolumeView.m in Sources */ = {isa = PBXBuildFile; fileRef = AA059C0E218856CC00DD2EC4 /* Y_KLineVolumeView.m */; };
		AA059C30218856CC00DD2EC4 /* Y_KLineVolume.m in Sources */ = {isa = PBXBuildFile; fileRef = AA059C10218856CC00DD2EC4 /* Y_KLineVolume.m */; };
		AA059C31218856CC00DD2EC4 /* Y_KLineMainView.m in Sources */ = {isa = PBXBuildFile; fileRef = AA059C14218856CC00DD2EC4 /* Y_KLineMainView.m */; };
		AA059C32218856CC00DD2EC4 /* Y_MALine.m in Sources */ = {isa = PBXBuildFile; fileRef = AA059C18218856CC00DD2EC4 /* Y_MALine.m */; };
		AA059C33218856CC00DD2EC4 /* Y_KLine.m in Sources */ = {isa = PBXBuildFile; fileRef = AA059C19218856CC00DD2EC4 /* Y_KLine.m */; };
		AA059C34218856CC00DD2EC4 /* Y_StockChartSegmentView.m in Sources */ = {isa = PBXBuildFile; fileRef = AA059C1C218856CC00DD2EC4 /* Y_StockChartSegmentView.m */; };
		AA059C50218856E300DD2EC4 /* NSLayoutConstraint+MASDebugAdditions.m in Sources */ = {isa = PBXBuildFile; fileRef = AA059C37218856E300DD2EC4 /* NSLayoutConstraint+MASDebugAdditions.m */; };
		AA059C51218856E300DD2EC4 /* ViewController+MASAdditions.m in Sources */ = {isa = PBXBuildFile; fileRef = AA059C40218856E300DD2EC4 /* ViewController+MASAdditions.m */; };
		AA059C52218856E300DD2EC4 /* MASCompositeConstraint.m in Sources */ = {isa = PBXBuildFile; fileRef = AA059C44218856E300DD2EC4 /* MASCompositeConstraint.m */; };
		AA059C53218856E300DD2EC4 /* MASConstraintMaker.m in Sources */ = {isa = PBXBuildFile; fileRef = AA059C45218856E300DD2EC4 /* MASConstraintMaker.m */; };
		AA059C54218856E300DD2EC4 /* MASLayoutConstraint.m in Sources */ = {isa = PBXBuildFile; fileRef = AA059C46218856E300DD2EC4 /* MASLayoutConstraint.m */; };
		AA059C55218856E300DD2EC4 /* NSArray+MASAdditions.m in Sources */ = {isa = PBXBuildFile; fileRef = AA059C47218856E300DD2EC4 /* NSArray+MASAdditions.m */; };
		AA059C56218856E300DD2EC4 /* View+MASAdditions.m in Sources */ = {isa = PBXBuildFile; fileRef = AA059C48218856E300DD2EC4 /* View+MASAdditions.m */; };
		AA059C57218856E300DD2EC4 /* MASConstraint.m in Sources */ = {isa = PBXBuildFile; fileRef = AA059C4B218856E300DD2EC4 /* MASConstraint.m */; };
		AA059C58218856E300DD2EC4 /* MASViewConstraint.m in Sources */ = {isa = PBXBuildFile; fileRef = AA059C4D218856E300DD2EC4 /* MASViewConstraint.m */; };
		AA059C59218856E300DD2EC4 /* MASViewAttribute.m in Sources */ = {isa = PBXBuildFile; fileRef = AA059C4E218856E300DD2EC4 /* MASViewAttribute.m */; };
		AA059C5A218856E300DD2EC4 /* Info.plist in Resources */ = {isa = PBXBuildFile; fileRef = AA059C4F218856E300DD2EC4 /* Info.plist */; };
		AA059C5D2188572C00DD2EC4 /* UILabel+NNHExtension.m in Sources */ = {isa = PBXBuildFile; fileRef = AA059C5C2188572C00DD2EC4 /* UILabel+NNHExtension.m */; };
		AA059C602188587100DD2EC4 /* UIColor+NNHExtension.m in Sources */ = {isa = PBXBuildFile; fileRef = AA059C5E2188587000DD2EC4 /* UIColor+NNHExtension.m */; };
		AA059C8521885A2300DD2EC4 /* AFURLResponseSerialization.m in Sources */ = {isa = PBXBuildFile; fileRef = AA059C6621885A2200DD2EC4 /* AFURLResponseSerialization.m */; };
		AA059C8621885A2300DD2EC4 /* AFHTTPSessionManager.m in Sources */ = {isa = PBXBuildFile; fileRef = AA059C6721885A2200DD2EC4 /* AFHTTPSessionManager.m */; };
		AA059C8721885A2300DD2EC4 /* AFURLSessionManager.m in Sources */ = {isa = PBXBuildFile; fileRef = AA059C6921885A2200DD2EC4 /* AFURLSessionManager.m */; };
		AA059C8821885A2300DD2EC4 /* AFURLRequestSerialization.m in Sources */ = {isa = PBXBuildFile; fileRef = AA059C6A21885A2200DD2EC4 /* AFURLRequestSerialization.m */; };
		AA059C8921885A2300DD2EC4 /* AFNetworkReachabilityManager.m in Sources */ = {isa = PBXBuildFile; fileRef = AA059C6C21885A2200DD2EC4 /* AFNetworkReachabilityManager.m */; };
		AA059C8A21885A2300DD2EC4 /* AFSecurityPolicy.m in Sources */ = {isa = PBXBuildFile; fileRef = AA059C6D21885A2200DD2EC4 /* AFSecurityPolicy.m */; };
		AA059C8B21885A2300DD2EC4 /* UIProgressView+AFNetworking.m in Sources */ = {isa = PBXBuildFile; fileRef = AA059C7121885A2300DD2EC4 /* UIProgressView+AFNetworking.m */; };
		AA059C8C21885A2300DD2EC4 /* UIRefreshControl+AFNetworking.m in Sources */ = {isa = PBXBuildFile; fileRef = AA059C7321885A2300DD2EC4 /* UIRefreshControl+AFNetworking.m */; };
		AA059C8D21885A2300DD2EC4 /* AFNetworkActivityIndicatorManager.m in Sources */ = {isa = PBXBuildFile; fileRef = AA059C7621885A2300DD2EC4 /* AFNetworkActivityIndicatorManager.m */; };
		AA059C8E21885A2300DD2EC4 /* UIImageView+AFNetworking.m in Sources */ = {isa = PBXBuildFile; fileRef = AA059C7C21885A2300DD2EC4 /* UIImageView+AFNetworking.m */; };
		AA059C8F21885A2300DD2EC4 /* UIButton+AFNetworking.m in Sources */ = {isa = PBXBuildFile; fileRef = AA059C7F21885A2300DD2EC4 /* UIButton+AFNetworking.m */; };
		AA059C9021885A2300DD2EC4 /* UIActivityIndicatorView+AFNetworking.m in Sources */ = {isa = PBXBuildFile; fileRef = AA059C8021885A2300DD2EC4 /* UIActivityIndicatorView+AFNetworking.m */; };
		AA059C9121885A2300DD2EC4 /* UIWebView+AFNetworking.m in Sources */ = {isa = PBXBuildFile; fileRef = AA059C8121885A2300DD2EC4 /* UIWebView+AFNetworking.m */; };
		AA059C9221885A2300DD2EC4 /* AFAutoPurgingImageCache.m in Sources */ = {isa = PBXBuildFile; fileRef = AA059C8221885A2300DD2EC4 /* AFAutoPurgingImageCache.m */; };
		AA059C9321885A2300DD2EC4 /* AFImageDownloader.m in Sources */ = {isa = PBXBuildFile; fileRef = AA059C8421885A2300DD2EC4 /* AFImageDownloader.m */; };
		AAD53AE6218023B5000AFF58 /* AppDelegate.m in Sources */ = {isa = PBXBuildFile; fileRef = AAD53AE5218023B5000AFF58 /* AppDelegate.m */; };
		AAD53AEC218023B5000AFF58 /* Main.storyboard in Resources */ = {isa = PBXBuildFile; fileRef = AAD53AEA218023B5000AFF58 /* Main.storyboard */; };
		AAD53AEE218023B7000AFF58 /* Assets.xcassets in Resources */ = {isa = PBXBuildFile; fileRef = AAD53AED218023B7000AFF58 /* Assets.xcassets */; };
		AAD53AF1218023B7000AFF58 /* LaunchScreen.storyboard in Resources */ = {isa = PBXBuildFile; fileRef = AAD53AEF218023B7000AFF58 /* LaunchScreen.storyboard */; };
		AAD53AF4218023B7000AFF58 /* main.m in Sources */ = {isa = PBXBuildFile; fileRef = AAD53AF3218023B7000AFF58 /* main.m */; };
		AAD53AFE218023B7000AFF58 /* DemoTests.m in Sources */ = {isa = PBXBuildFile; fileRef = AAD53AFD218023B7000AFF58 /* DemoTests.m */; };
		AAD53B09218023B7000AFF58 /* DemoUITests.m in Sources */ = {isa = PBXBuildFile; fileRef = AAD53B08218023B7000AFF58 /* DemoUITests.m */; };
		AAD53B182180243B000AFF58 /* TabbarVC.m in Sources */ = {isa = PBXBuildFile; fileRef = AAD53B172180243B000AFF58 /* TabbarVC.m */; };
		AAD53B24218024BD000AFF58 /* HomePageVC.m in Sources */ = {isa = PBXBuildFile; fileRef = AAD53B23218024BD000AFF58 /* HomePageVC.m */; };
		AAD53B27218024F4000AFF58 /* NewsCell.m in Sources */ = {isa = PBXBuildFile; fileRef = AAD53B26218024F4000AFF58 /* NewsCell.m */; };
		AAD53B2A21802503000AFF58 /* CoinCell.m in Sources */ = {isa = PBXBuildFile; fileRef = AAD53B2921802503000AFF58 /* CoinCell.m */; };
		AAD53B3821803D37000AFF58 /* Smile intl-大莫豪城交易所 in Resources */ = {isa = PBXBuildFile; fileRef = AAD53B3721803D37000AFF58 /* Smile intl-大莫豪城交易所 */; };
		AAD53B4121803D98000AFF58 /* LoginVC.m in Sources */ = {isa = PBXBuildFile; fileRef = AAD53B4021803D98000AFF58 /* LoginVC.m */; };
		AAD53B4421803DAA000AFF58 /* TradeVC.m in Sources */ = {isa = PBXBuildFile; fileRef = AAD53B4321803DAA000AFF58 /* TradeVC.m */; };
		AAD53B4721803DBD000AFF58 /* FranceCoinVC.m in Sources */ = {isa = PBXBuildFile; fileRef = AAD53B4621803DBD000AFF58 /* FranceCoinVC.m */; };
		AAD53B4B21803DD6000AFF58 /* PropertyVC.m in Sources */ = {isa = PBXBuildFile; fileRef = AAD53B4A21803DD6000AFF58 /* PropertyVC.m */; };
		AAD53B4E21803DE1000AFF58 /* MineVC.m in Sources */ = {isa = PBXBuildFile; fileRef = AAD53B4D21803DE1000AFF58 /* MineVC.m */; };
/* End PBXBuildFile section */

/* Begin PBXContainerItemProxy section */
		AAD53AFA218023B7000AFF58 /* PBXContainerItemProxy */ = {
			isa = PBXContainerItemProxy;
			containerPortal = AAD53AD9218023B5000AFF58 /* Project object */;
			proxyType = 1;
			remoteGlobalIDString = AAD53AE0218023B5000AFF58;
			remoteInfo = Demo;
		};
		AAD53B05218023B7000AFF58 /* PBXContainerItemProxy */ = {
			isa = PBXContainerItemProxy;
			containerPortal = AAD53AD9218023B5000AFF58 /* Project object */;
			proxyType = 1;
			remoteGlobalIDString = AAD53AE0218023B5000AFF58;
			remoteInfo = Demo;
		};
/* End PBXContainerItemProxy section */

/* Begin PBXFileReference section */
		AA059BD3218856BD00DD2EC4 /* NNTradeDetailView.m */ = {isa = PBXFileReference; fileEncoding = 4; lastKnownFileType = sourcecode.c.objc; path = NNTradeDetailView.m; sourceTree = "<group>"; };
		AA059BD4218856BD00DD2EC4 /* NNKlineSegementView.h */ = {isa = PBXFileReference; fileEncoding = 4; lastKnownFileType = sourcecode.c.h; path = NNKlineSegementView.h; sourceTree = "<group>"; };
		AA059BD5218856BD00DD2EC4 /* NNTagCell.h */ = {isa = PBXFileReference; fileEncoding = 4; lastKnownFileType = sourcecode.c.h; path = NNTagCell.h; sourceTree = "<group>"; };
		AA059BD6218856BD00DD2EC4 /* NNTagCell.m */ = {isa = PBXFileReference; fileEncoding = 4; lastKnownFileType = sourcecode.c.objc; path = NNTagCell.m; sourceTree = "<group>"; };
		AA059BD7218856BD00DD2EC4 /* NNDropListView.m */ = {isa = PBXFileReference; fileEncoding = 4; lastKnownFileType = sourcecode.c.objc; path = NNDropListView.m; sourceTree = "<group>"; };
		AA059BD8218856BD00DD2EC4 /* NNKlineSegementView.m */ = {isa = PBXFileReference; fileEncoding = 4; lastKnownFileType = sourcecode.c.objc; path = NNKlineSegementView.m; sourceTree = "<group>"; };
		AA059BD9218856BD00DD2EC4 /* NNDropListView.h */ = {isa = PBXFileReference; fileEncoding = 4; lastKnownFileType = sourcecode.c.h; path = NNDropListView.h; sourceTree = "<group>"; };
		AA059BDA218856BD00DD2EC4 /* NNTradeDetailView.h */ = {isa = PBXFileReference; fileEncoding = 4; lastKnownFileType = sourcecode.c.h; path = NNTradeDetailView.h; sourceTree = "<group>"; };
		AA059BE0218856CC00DD2EC4 /* Y_StockChartView.h */ = {isa = PBXFileReference; fileEncoding = 4; lastKnownFileType = sourcecode.c.h; path = Y_StockChartView.h; sourceTree = "<group>"; };
		AA059BE3218856CC00DD2EC4 /* Y_StockChartGlobalVariable.h */ = {isa = PBXFileReference; fileEncoding = 4; lastKnownFileType = sourcecode.c.h; path = Y_StockChartGlobalVariable.h; sourceTree = "<group>"; };
		AA059BE4218856CC00DD2EC4 /* Y_StockChartGlobalVariable.m */ = {isa = PBXFileReference; fileEncoding = 4; lastKnownFileType = sourcecode.c.objc; path = Y_StockChartGlobalVariable.m; sourceTree = "<group>"; };
		AA059BE6218856CC00DD2EC4 /* Y_StockChartConstant.h */ = {isa = PBXFileReference; fileEncoding = 4; lastKnownFileType = sourcecode.c.h; path = Y_StockChartConstant.h; sourceTree = "<group>"; };
		AA059BE8218856CC00DD2EC4 /* UIColor+Y_StockChart.h */ = {isa = PBXFileReference; fileEncoding = 4; lastKnownFileType = sourcecode.c.h; path = "UIColor+Y_StockChart.h"; sourceTree = "<group>"; };
		AA059BE9218856CC00DD2EC4 /* UIColor+Y_StockChart.m */ = {isa = PBXFileReference; fileEncoding = 4; lastKnownFileType = sourcecode.c.objc; path = "UIColor+Y_StockChart.m"; sourceTree = "<group>"; };
		AA059BEA218856CC00DD2EC4 /* Y_StockChartView.m */ = {isa = PBXFileReference; fileEncoding = 4; lastKnownFileType = sourcecode.c.objc; path = Y_StockChartView.m; sourceTree = "<group>"; };
		AA059BED218856CC00DD2EC4 /* Y_KLineMAView.h */ = {isa = PBXFileReference; fileEncoding = 4; lastKnownFileType = sourcecode.c.h; path = Y_KLineMAView.h; sourceTree = "<group>"; };
		AA059BEE218856CC00DD2EC4 /* Y_KLineMAView.m */ = {isa = PBXFileReference; fileEncoding = 4; lastKnownFileType = sourcecode.c.objc; path = Y_KLineMAView.m; sourceTree = "<group>"; };
		AA059BEF218856CC00DD2EC4 /* Y_KLineView.m */ = {isa = PBXFileReference; fileEncoding = 4; lastKnownFileType = sourcecode.c.objc; path = Y_KLineView.m; sourceTree = "<group>"; };
		AA059BF1218856CC00DD2EC4 /* Y_StockChartRightYView.m */ = {isa = PBXFileReference; fileEncoding = 4; lastKnownFileType = sourcecode.c.objc; path = Y_StockChartRightYView.m; sourceTree = "<group>"; };
		AA059BF2218856CC00DD2EC4 /* Y_StockChartRightYView.h */ = {isa = PBXFileReference; fileEncoding = 4; lastKnownFileType = sourcecode.c.h; path = Y_StockChartRightYView.h; sourceTree = "<group>"; };
		AA059BF4218856CC00DD2EC4 /* Y_VolumeMAView.h */ = {isa = PBXFileReference; fileEncoding = 4; lastKnownFileType = sourcecode.c.h; path = Y_VolumeMAView.h; sourceTree = "<group>"; };
		AA059BF5218856CC00DD2EC4 /* Y_VolumeMAView.m */ = {isa = PBXFileReference; fileEncoding = 4; lastKnownFileType = sourcecode.c.objc; path = Y_VolumeMAView.m; sourceTree = "<group>"; };
		AA059BF7218856CC00DD2EC4 /* Y_KLineAccessoryView.m */ = {isa = PBXFileReference; fileEncoding = 4; lastKnownFileType = sourcecode.c.objc; path = Y_KLineAccessoryView.m; sourceTree = "<group>"; };
		AA059BF9218856CC00DD2EC4 /* Y_KLineAccessory.h */ = {isa = PBXFileReference; fileEncoding = 4; lastKnownFileType = sourcecode.c.h; path = Y_KLineAccessory.h; sourceTree = "<group>"; };
		AA059BFA218856CC00DD2EC4 /* Y_KLineAccessory.m */ = {isa = PBXFileReference; fileEncoding = 4; lastKnownFileType = sourcecode.c.objc; path = Y_KLineAccessory.m; sourceTree = "<group>"; };
		AA059BFB218856CC00DD2EC4 /* Y_KLineAccessoryView.h */ = {isa = PBXFileReference; fileEncoding = 4; lastKnownFileType = sourcecode.c.h; path = Y_KLineAccessoryView.h; sourceTree = "<group>"; };
		AA059BFD218856CC00DD2EC4 /* Y_AccessoryMAView.m */ = {isa = PBXFileReference; fileEncoding = 4; lastKnownFileType = sourcecode.c.objc; path = Y_AccessoryMAView.m; sourceTree = "<group>"; };
		AA059BFE218856CC00DD2EC4 /* Y_AccessoryMAView.h */ = {isa = PBXFileReference; fileEncoding = 4; lastKnownFileType = sourcecode.c.h; path = Y_AccessoryMAView.h; sourceTree = "<group>"; };
		AA059C01218856CC00DD2EC4 /* Y_KLinePositionModel.m */ = {isa = PBXFileReference; fileEncoding = 4; lastKnownFileType = sourcecode.c.objc; path = Y_KLinePositionModel.m; sourceTree = "<group>"; };
		AA059C02218856CC00DD2EC4 /* MA-EMA-MACD介绍.md */ = {isa = PBXFileReference; fileEncoding = 4; lastKnownFileType = net.daringfireball.markdown; path = "MA-EMA-MACD介绍.md"; sourceTree = "<group>"; };
		AA059C03218856CC00DD2EC4 /* Y_KLineModel.h */ = {isa = PBXFileReference; fileEncoding = 4; lastKnownFileType = sourcecode.c.h; path = Y_KLineModel.h; sourceTree = "<group>"; };
		AA059C04218856CC00DD2EC4 /* Y_KLineGroupModel.h */ = {isa = PBXFileReference; fileEncoding = 4; lastKnownFileType = sourcecode.c.h; path = Y_KLineGroupModel.h; sourceTree = "<group>"; };
		AA059C05218856CC00DD2EC4 /* Y_KLineVolumePositionModel.h */ = {isa = PBXFileReference; fileEncoding = 4; lastKnownFileType = sourcecode.c.h; path = Y_KLineVolumePositionModel.h; sourceTree = "<group>"; };
		AA059C06218856CC00DD2EC4 /* Y_KLinePositionModel.h */ = {isa = PBXFileReference; fileEncoding = 4; lastKnownFileType = sourcecode.c.h; path = Y_KLinePositionModel.h; sourceTree = "<group>"; };
		AA059C07218856CC00DD2EC4 /* Y_KLineModel.m */ = {isa = PBXFileReference; fileEncoding = 4; lastKnownFileType = sourcecode.c.objc; path = Y_KLineModel.m; sourceTree = "<group>"; };
		AA059C08218856CC00DD2EC4 /* 指标公式.md */ = {isa = PBXFileReference; fileEncoding = 4; lastKnownFileType = net.daringfireball.markdown; path = "指标公式.md"; sourceTree = "<group>"; };
		AA059C09218856CC00DD2EC4 /* Y_KLineGroupModel.m */ = {isa = PBXFileReference; fileEncoding = 4; lastKnownFileType = sourcecode.c.objc; path = Y_KLineGroupModel.m; sourceTree = "<group>"; };
		AA059C0A218856CC00DD2EC4 /* KDJ介绍.md */ = {isa = PBXFileReference; fileEncoding = 4; lastKnownFileType = net.daringfireball.markdown; path = "KDJ介绍.md"; sourceTree = "<group>"; };
		AA059C0B218856CC00DD2EC4 /* Y_KLineVolumePositionModel.m */ = {isa = PBXFileReference; fileEncoding = 4; lastKnownFileType = sourcecode.c.objc; path = Y_KLineVolumePositionModel.m; sourceTree = "<group>"; };
		AA059C0C218856CC00DD2EC4 /* Y_KLineView.h */ = {isa = PBXFileReference; fileEncoding = 4; lastKnownFileType = sourcecode.c.h; path = Y_KLineView.h; sourceTree = "<group>"; };
		AA059C0E218856CC00DD2EC4 /* Y_KLineVolumeView.m */ = {isa = PBXFileReference; fileEncoding = 4; lastKnownFileType = sourcecode.c.objc; path = Y_KLineVolumeView.m; sourceTree = "<group>"; };
		AA059C10218856CC00DD2EC4 /* Y_KLineVolume.m */ = {isa = PBXFileReference; fileEncoding = 4; lastKnownFileType = sourcecode.c.objc; path = Y_KLineVolume.m; sourceTree = "<group>"; };
		AA059C11218856CC00DD2EC4 /* Y_KLineVolume.h */ = {isa = PBXFileReference; fileEncoding = 4; lastKnownFileType = sourcecode.c.h; path = Y_KLineVolume.h; sourceTree = "<group>"; };
		AA059C12218856CC00DD2EC4 /* Y_KLineVolumeView.h */ = {isa = PBXFileReference; fileEncoding = 4; lastKnownFileType = sourcecode.c.h; path = Y_KLineVolumeView.h; sourceTree = "<group>"; };
		AA059C14218856CC00DD2EC4 /* Y_KLineMainView.m */ = {isa = PBXFileReference; fileEncoding = 4; lastKnownFileType = sourcecode.c.objc; path = Y_KLineMainView.m; sourceTree = "<group>"; };
		AA059C16218856CC00DD2EC4 /* Y_MALine.h */ = {isa = PBXFileReference; fileEncoding = 4; lastKnownFileType = sourcecode.c.h; path = Y_MALine.h; sourceTree = "<group>"; };
		AA059C17218856CC00DD2EC4 /* Y_KLine.h */ = {isa = PBXFileReference; fileEncoding = 4; lastKnownFileType = sourcecode.c.h; path = Y_KLine.h; sourceTree = "<group>"; };
		AA059C18218856CC00DD2EC4 /* Y_MALine.m */ = {isa = PBXFileReference; fileEncoding = 4; lastKnownFileType = sourcecode.c.objc; path = Y_MALine.m; sourceTree = "<group>"; };
		AA059C19218856CC00DD2EC4 /* Y_KLine.m */ = {isa = PBXFileReference; fileEncoding = 4; lastKnownFileType = sourcecode.c.objc; path = Y_KLine.m; sourceTree = "<group>"; };
		AA059C1A218856CC00DD2EC4 /* Y_KLineMainView.h */ = {isa = PBXFileReference; fileEncoding = 4; lastKnownFileType = sourcecode.c.h; path = Y_KLineMainView.h; sourceTree = "<group>"; };
		AA059C1C218856CC00DD2EC4 /* Y_StockChartSegmentView.m */ = {isa = PBXFileReference; fileEncoding = 4; lastKnownFileType = sourcecode.c.objc; path = Y_StockChartSegmentView.m; sourceTree = "<group>"; };
		AA059C1D218856CC00DD2EC4 /* Y_StockChartSegmentView.h */ = {isa = PBXFileReference; fileEncoding = 4; lastKnownFileType = sourcecode.c.h; path = Y_StockChartSegmentView.h; sourceTree = "<group>"; };
		AA059C36218856E300DD2EC4 /* MASCompositeConstraint.h */ = {isa = PBXFileReference; fileEncoding = 4; lastKnownFileType = sourcecode.c.h; path = MASCompositeConstraint.h; sourceTree = "<group>"; };
		AA059C37218856E300DD2EC4 /* NSLayoutConstraint+MASDebugAdditions.m */ = {isa = PBXFileReference; fileEncoding = 4; lastKnownFileType = sourcecode.c.objc; path = "NSLayoutConstraint+MASDebugAdditions.m"; sourceTree = "<group>"; };
		AA059C38218856E300DD2EC4 /* MASConstraint+Private.h */ = {isa = PBXFileReference; fileEncoding = 4; lastKnownFileType = sourcecode.c.h; path = "MASConstraint+Private.h"; sourceTree = "<group>"; };
		AA059C39218856E300DD2EC4 /* MASLayoutConstraint.h */ = {isa = PBXFileReference; fileEncoding = 4; lastKnownFileType = sourcecode.c.h; path = MASLayoutConstraint.h; sourceTree = "<group>"; };
		AA059C3A218856E300DD2EC4 /* NSArray+MASShorthandAdditions.h */ = {isa = PBXFileReference; fileEncoding = 4; lastKnownFileType = sourcecode.c.h; path = "NSArray+MASShorthandAdditions.h"; sourceTree = "<group>"; };
		AA059C3B218856E300DD2EC4 /* MASConstraintMaker.h */ = {isa = PBXFileReference; fileEncoding = 4; lastKnownFileType = sourcecode.c.h; path = MASConstraintMaker.h; sourceTree = "<group>"; };
		AA059C3C218856E300DD2EC4 /* View+MASAdditions.h */ = {isa = PBXFileReference; fileEncoding = 4; lastKnownFileType = sourcecode.c.h; path = "View+MASAdditions.h"; sourceTree = "<group>"; };
		AA059C3D218856E300DD2EC4 /* NSArray+MASAdditions.h */ = {isa = PBXFileReference; fileEncoding = 4; lastKnownFileType = sourcecode.c.h; path = "NSArray+MASAdditions.h"; sourceTree = "<group>"; };
		AA059C3E218856E300DD2EC4 /* MASUtilities.h */ = {isa = PBXFileReference; fileEncoding = 4; lastKnownFileType = sourcecode.c.h; path = MASUtilities.h; sourceTree = "<group>"; };
		AA059C3F218856E300DD2EC4 /* MASViewAttribute.h */ = {isa = PBXFileReference; fileEncoding = 4; lastKnownFileType = sourcecode.c.h; path = MASViewAttribute.h; sourceTree = "<group>"; };
		AA059C40218856E300DD2EC4 /* ViewController+MASAdditions.m */ = {isa = PBXFileReference; fileEncoding = 4; lastKnownFileType = sourcecode.c.objc; path = "ViewController+MASAdditions.m"; sourceTree = "<group>"; };
		AA059C41218856E300DD2EC4 /* MASViewConstraint.h */ = {isa = PBXFileReference; fileEncoding = 4; lastKnownFileType = sourcecode.c.h; path = MASViewConstraint.h; sourceTree = "<group>"; };
		AA059C42218856E300DD2EC4 /* MASConstraint.h */ = {isa = PBXFileReference; fileEncoding = 4; lastKnownFileType = sourcecode.c.h; path = MASConstraint.h; sourceTree = "<group>"; };
		AA059C43218856E300DD2EC4 /* NSLayoutConstraint+MASDebugAdditions.h */ = {isa = PBXFileReference; fileEncoding = 4; lastKnownFileType = sourcecode.c.h; path = "NSLayoutConstraint+MASDebugAdditions.h"; sourceTree = "<group>"; };
		AA059C44218856E300DD2EC4 /* MASCompositeConstraint.m */ = {isa = PBXFileReference; fileEncoding = 4; lastKnownFileType = sourcecode.c.objc; path = MASCompositeConstraint.m; sourceTree = "<group>"; };
		AA059C45218856E300DD2EC4 /* MASConstraintMaker.m */ = {isa = PBXFileReference; fileEncoding = 4; lastKnownFileType = sourcecode.c.objc; path = MASConstraintMaker.m; sourceTree = "<group>"; };
		AA059C46218856E300DD2EC4 /* MASLayoutConstraint.m */ = {isa = PBXFileReference; fileEncoding = 4; lastKnownFileType = sourcecode.c.objc; path = MASLayoutConstraint.m; sourceTree = "<group>"; };
		AA059C47218856E300DD2EC4 /* NSArray+MASAdditions.m */ = {isa = PBXFileReference; fileEncoding = 4; lastKnownFileType = sourcecode.c.objc; path = "NSArray+MASAdditions.m"; sourceTree = "<group>"; };
		AA059C48218856E300DD2EC4 /* View+MASAdditions.m */ = {isa = PBXFileReference; fileEncoding = 4; lastKnownFileType = sourcecode.c.objc; path = "View+MASAdditions.m"; sourceTree = "<group>"; };
		AA059C49218856E300DD2EC4 /* View+MASShorthandAdditions.h */ = {isa = PBXFileReference; fileEncoding = 4; lastKnownFileType = sourcecode.c.h; path = "View+MASShorthandAdditions.h"; sourceTree = "<group>"; };
		AA059C4A218856E300DD2EC4 /* Masonry.h */ = {isa = PBXFileReference; fileEncoding = 4; lastKnownFileType = sourcecode.c.h; path = Masonry.h; sourceTree = "<group>"; };
		AA059C4B218856E300DD2EC4 /* MASConstraint.m */ = {isa = PBXFileReference; fileEncoding = 4; lastKnownFileType = sourcecode.c.objc; path = MASConstraint.m; sourceTree = "<group>"; };
		AA059C4C218856E300DD2EC4 /* ViewController+MASAdditions.h */ = {isa = PBXFileReference; fileEncoding = 4; lastKnownFileType = sourcecode.c.h; path = "ViewController+MASAdditions.h"; sourceTree = "<group>"; };
		AA059C4D218856E300DD2EC4 /* MASViewConstraint.m */ = {isa = PBXFileReference; fileEncoding = 4; lastKnownFileType = sourcecode.c.objc; path = MASViewConstraint.m; sourceTree = "<group>"; };
		AA059C4E218856E300DD2EC4 /* MASViewAttribute.m */ = {isa = PBXFileReference; fileEncoding = 4; lastKnownFileType = sourcecode.c.objc; path = MASViewAttribute.m; sourceTree = "<group>"; };
		AA059C4F218856E300DD2EC4 /* Info.plist */ = {isa = PBXFileReference; fileEncoding = 4; lastKnownFileType = text.plist.xml; path = Info.plist; sourceTree = "<group>"; };
		AA059C5B2188572C00DD2EC4 /* UILabel+NNHExtension.h */ = {isa = PBXFileReference; fileEncoding = 4; lastKnownFileType = sourcecode.c.h; path = "UILabel+NNHExtension.h"; sourceTree = "<group>"; };
		AA059C5C2188572C00DD2EC4 /* UILabel+NNHExtension.m */ = {isa = PBXFileReference; fileEncoding = 4; lastKnownFileType = sourcecode.c.objc; path = "UILabel+NNHExtension.m"; sourceTree = "<group>"; };
		AA059C5E2188587000DD2EC4 /* UIColor+NNHExtension.m */ = {isa = PBXFileReference; fileEncoding = 4; lastKnownFileType = sourcecode.c.objc; path = "UIColor+NNHExtension.m"; sourceTree = "<group>"; };
		AA059C5F2188587100DD2EC4 /* UIColor+NNHExtension.h */ = {isa = PBXFileReference; fileEncoding = 4; lastKnownFileType = sourcecode.c.h; path = "UIColor+NNHExtension.h"; sourceTree = "<group>"; };
		AA059C6221885A2200DD2EC4 /* AFSecurityPolicy.h */ = {isa = PBXFileReference; fileEncoding = 4; lastKnownFileType = sourcecode.c.h; path = AFSecurityPolicy.h; sourceTree = "<group>"; };
		AA059C6321885A2200DD2EC4 /* AFNetworkReachabilityManager.h */ = {isa = PBXFileReference; fileEncoding = 4; lastKnownFileType = sourcecode.c.h; path = AFNetworkReachabilityManager.h; sourceTree = "<group>"; };
		AA059C6421885A2200DD2EC4 /* AFURLSessionManager.h */ = {isa = PBXFileReference; fileEncoding = 4; lastKnownFileType = sourcecode.c.h; path = AFURLSessionManager.h; sourceTree = "<group>"; };
		AA059C6521885A2200DD2EC4 /* AFURLRequestSerialization.h */ = {isa = PBXFileReference; fileEncoding = 4; lastKnownFileType = sourcecode.c.h; path = AFURLRequestSerialization.h; sourceTree = "<group>"; };
		AA059C6621885A2200DD2EC4 /* AFURLResponseSerialization.m */ = {isa = PBXFileReference; fileEncoding = 4; lastKnownFileType = sourcecode.c.objc; path = AFURLResponseSerialization.m; sourceTree = "<group>"; };
		AA059C6721885A2200DD2EC4 /* AFHTTPSessionManager.m */ = {isa = PBXFileReference; fileEncoding = 4; lastKnownFileType = sourcecode.c.objc; path = AFHTTPSessionManager.m; sourceTree = "<group>"; };
		AA059C6821885A2200DD2EC4 /* AFURLResponseSerialization.h */ = {isa = PBXFileReference; fileEncoding = 4; lastKnownFileType = sourcecode.c.h; path = AFURLResponseSerialization.h; sourceTree = "<group>"; };
		AA059C6921885A2200DD2EC4 /* AFURLSessionManager.m */ = {isa = PBXFileReference; fileEncoding = 4; lastKnownFileType = sourcecode.c.objc; path = AFURLSessionManager.m; sourceTree = "<group>"; };
		AA059C6A21885A2200DD2EC4 /* AFURLRequestSerialization.m */ = {isa = PBXFileReference; fileEncoding = 4; lastKnownFileType = sourcecode.c.objc; path = AFURLRequestSerialization.m; sourceTree = "<group>"; };
		AA059C6B21885A2200DD2EC4 /* AFNetworking.h */ = {isa = PBXFileReference; fileEncoding = 4; lastKnownFileType = sourcecode.c.h; path = AFNetworking.h; sourceTree = "<group>"; };
		AA059C6C21885A2200DD2EC4 /* AFNetworkReachabilityManager.m */ = {isa = PBXFileReference; fileEncoding = 4; lastKnownFileType = sourcecode.c.objc; path = AFNetworkReachabilityManager.m; sourceTree = "<group>"; };
		AA059C6D21885A2200DD2EC4 /* AFSecurityPolicy.m */ = {isa = PBXFileReference; fileEncoding = 4; lastKnownFileType = sourcecode.c.objc; path = AFSecurityPolicy.m; sourceTree = "<group>"; };
		AA059C6E21885A2200DD2EC4 /* AFCompatibilityMacros.h */ = {isa = PBXFileReference; fileEncoding = 4; lastKnownFileType = sourcecode.c.h; path = AFCompatibilityMacros.h; sourceTree = "<group>"; };
		AA059C6F21885A2200DD2EC4 /* AFHTTPSessionManager.h */ = {isa = PBXFileReference; fileEncoding = 4; lastKnownFileType = sourcecode.c.h; path = AFHTTPSessionManager.h; sourceTree = "<group>"; };
		AA059C7121885A2300DD2EC4 /* UIProgressView+AFNetworking.m */ = {isa = PBXFileReference; fileEncoding = 4; lastKnownFileType = sourcecode.c.objc; path = "UIProgressView+AFNetworking.m"; sourceTree = "<group>"; };
		AA059C7221885A2300DD2EC4 /* UIButton+AFNetworking.h */ = {isa = PBXFileReference; fileEncoding = 4; lastKnownFileType = sourcecode.c.h; path = "UIButton+AFNetworking.h"; sourceTree = "<group>"; };
		AA059C7321885A2300DD2EC4 /* UIRefreshControl+AFNetworking.m */ = {isa = PBXFileReference; fileEncoding = 4; lastKnownFileType = sourcecode.c.objc; path = "UIRefreshControl+AFNetworking.m"; sourceTree = "<group>"; };
		AA059C7421885A2300DD2EC4 /* UIImageView+AFNetworking.h */ = {isa = PBXFileReference; fileEncoding = 4; lastKnownFileType = sourcecode.c.h; path = "UIImageView+AFNetworking.h"; sourceTree = "<group>"; };
		AA059C7521885A2300DD2EC4 /* AFImageDownloader.h */ = {isa = PBXFileReference; fileEncoding = 4; lastKnownFileType = sourcecode.c.h; path = AFImageDownloader.h; sourceTree = "<group>"; };
		AA059C7621885A2300DD2EC4 /* AFNetworkActivityIndicatorManager.m */ = {isa = PBXFileReference; fileEncoding = 4; lastKnownFileType = sourcecode.c.objc; path = AFNetworkActivityIndicatorManager.m; sourceTree = "<group>"; };
		AA059C7721885A2300DD2EC4 /* AFAutoPurgingImageCache.h */ = {isa = PBXFileReference; fileEncoding = 4; lastKnownFileType = sourcecode.c.h; path = AFAutoPurgingImageCache.h; sourceTree = "<group>"; };
		AA059C7821885A2300DD2EC4 /* UIWebView+AFNetworking.h */ = {isa = PBXFileReference; fileEncoding = 4; lastKnownFileType = sourcecode.c.h; path = "UIWebView+AFNetworking.h"; sourceTree = "<group>"; };
		AA059C7921885A2300DD2EC4 /* UIActivityIndicatorView+AFNetworking.h */ = {isa = PBXFileReference; fileEncoding = 4; lastKnownFileType = sourcecode.c.h; path = "UIActivityIndicatorView+AFNetworking.h"; sourceTree = "<group>"; };
		AA059C7A21885A2300DD2EC4 /* UIImage+AFNetworking.h */ = {isa = PBXFileReference; fileEncoding = 4; lastKnownFileType = sourcecode.c.h; path = "UIImage+AFNetworking.h"; sourceTree = "<group>"; };
		AA059C7B21885A2300DD2EC4 /* UIProgressView+AFNetworking.h */ = {isa = PBXFileReference; fileEncoding = 4; lastKnownFileType = sourcecode.c.h; path = "UIProgressView+AFNetworking.h"; sourceTree = "<group>"; };
		AA059C7C21885A2300DD2EC4 /* UIImageView+AFNetworking.m */ = {isa = PBXFileReference; fileEncoding = 4; lastKnownFileType = sourcecode.c.objc; path = "UIImageView+AFNetworking.m"; sourceTree = "<group>"; };
		AA059C7D21885A2300DD2EC4 /* UIKit+AFNetworking.h */ = {isa = PBXFileReference; fileEncoding = 4; lastKnownFileType = sourcecode.c.h; path = "UIKit+AFNetworking.h"; sourceTree = "<group>"; };
		AA059C7E21885A2300DD2EC4 /* UIRefreshControl+AFNetworking.h */ = {isa = PBXFileReference; fileEncoding = 4; lastKnownFileType = sourcecode.c.h; path = "UIRefreshControl+AFNetworking.h"; sourceTree = "<group>"; };
		AA059C7F21885A2300DD2EC4 /* UIButton+AFNetworking.m */ = {isa = PBXFileReference; fileEncoding = 4; lastKnownFileType = sourcecode.c.objc; path = "UIButton+AFNetworking.m"; sourceTree = "<group>"; };
		AA059C8021885A2300DD2EC4 /* UIActivityIndicatorView+AFNetworking.m */ = {isa = PBXFileReference; fileEncoding = 4; lastKnownFileType = sourcecode.c.objc; path = "UIActivityIndicatorView+AFNetworking.m"; sourceTree = "<group>"; };
		AA059C8121885A2300DD2EC4 /* UIWebView+AFNetworking.m */ = {isa = PBXFileReference; fileEncoding = 4; lastKnownFileType = sourcecode.c.objc; path = "UIWebView+AFNetworking.m"; sourceTree = "<group>"; };
		AA059C8221885A2300DD2EC4 /* AFAutoPurgingImageCache.m */ = {isa = PBXFileReference; fileEncoding = 4; lastKnownFileType = sourcecode.c.objc; path = AFAutoPurgingImageCache.m; sourceTree = "<group>"; };
		AA059C8321885A2300DD2EC4 /* AFNetworkActivityIndicatorManager.h */ = {isa = PBXFileReference; fileEncoding = 4; lastKnownFileType = sourcecode.c.h; path = AFNetworkActivityIndicatorManager.h; sourceTree = "<group>"; };
		AA059C8421885A2300DD2EC4 /* AFImageDownloader.m */ = {isa = PBXFileReference; fileEncoding = 4; lastKnownFileType = sourcecode.c.objc; path = AFImageDownloader.m; sourceTree = "<group>"; };
		AA059C97218C48E800DD2EC4 /* CommonValue.h */ = {isa = PBXFileReference; lastKnownFileType = sourcecode.c.h; path = CommonValue.h; sourceTree = "<group>"; };
		AAD53AE1218023B5000AFF58 /* Demo.app */ = {isa = PBXFileReference; explicitFileType = wrapper.application; includeInIndex = 0; path = Demo.app; sourceTree = BUILT_PRODUCTS_DIR; };
		AAD53AE4218023B5000AFF58 /* AppDelegate.h */ = {isa = PBXFileReference; lastKnownFileType = sourcecode.c.h; path = AppDelegate.h; sourceTree = "<group>"; };
		AAD53AE5218023B5000AFF58 /* AppDelegate.m */ = {isa = PBXFileReference; lastKnownFileType = sourcecode.c.objc; path = AppDelegate.m; sourceTree = "<group>"; };
		AAD53AEB218023B5000AFF58 /* Base */ = {isa = PBXFileReference; lastKnownFileType = file.storyboard; name = Base; path = Base.lproj/Main.storyboard; sourceTree = "<group>"; };
		AAD53AED218023B7000AFF58 /* Assets.xcassets */ = {isa = PBXFileReference; lastKnownFileType = folder.assetcatalog; path = Assets.xcassets; sourceTree = "<group>"; };
		AAD53AF0218023B7000AFF58 /* Base */ = {isa = PBXFileReference; lastKnownFileType = file.storyboard; name = Base; path = Base.lproj/LaunchScreen.storyboard; sourceTree = "<group>"; };
		AAD53AF2218023B7000AFF58 /* Info.plist */ = {isa = PBXFileReference; lastKnownFileType = text.plist.xml; path = Info.plist; sourceTree = "<group>"; };
		AAD53AF3218023B7000AFF58 /* main.m */ = {isa = PBXFileReference; lastKnownFileType = sourcecode.c.objc; path = main.m; sourceTree = "<group>"; };
		AAD53AF9218023B7000AFF58 /* DemoTests.xctest */ = {isa = PBXFileReference; explicitFileType = wrapper.cfbundle; includeInIndex = 0; path = DemoTests.xctest; sourceTree = BUILT_PRODUCTS_DIR; };
		AAD53AFD218023B7000AFF58 /* DemoTests.m */ = {isa = PBXFileReference; lastKnownFileType = sourcecode.c.objc; path = DemoTests.m; sourceTree = "<group>"; };
		AAD53AFF218023B7000AFF58 /* Info.plist */ = {isa = PBXFileReference; lastKnownFileType = text.plist.xml; path = Info.plist; sourceTree = "<group>"; };
		AAD53B04218023B7000AFF58 /* DemoUITests.xctest */ = {isa = PBXFileReference; explicitFileType = wrapper.cfbundle; includeInIndex = 0; path = DemoUITests.xctest; sourceTree = BUILT_PRODUCTS_DIR; };
		AAD53B08218023B7000AFF58 /* DemoUITests.m */ = {isa = PBXFileReference; lastKnownFileType = sourcecode.c.objc; path = DemoUITests.m; sourceTree = "<group>"; };
		AAD53B0A218023B7000AFF58 /* Info.plist */ = {isa = PBXFileReference; lastKnownFileType = text.plist.xml; path = Info.plist; sourceTree = "<group>"; };
		AAD53B162180243B000AFF58 /* TabbarVC.h */ = {isa = PBXFileReference; lastKnownFileType = sourcecode.c.h; path = TabbarVC.h; sourceTree = "<group>"; };
		AAD53B172180243B000AFF58 /* TabbarVC.m */ = {isa = PBXFileReference; lastKnownFileType = sourcecode.c.objc; path = TabbarVC.m; sourceTree = "<group>"; };
		AAD53B22218024BD000AFF58 /* HomePageVC.h */ = {isa = PBXFileReference; lastKnownFileType = sourcecode.c.h; path = HomePageVC.h; sourceTree = "<group>"; };
		AAD53B23218024BD000AFF58 /* HomePageVC.m */ = {isa = PBXFileReference; lastKnownFileType = sourcecode.c.objc; path = HomePageVC.m; sourceTree = "<group>"; };
		AAD53B25218024F4000AFF58 /* NewsCell.h */ = {isa = PBXFileReference; lastKnownFileType = sourcecode.c.h; path = NewsCell.h; sourceTree = "<group>"; };
		AAD53B26218024F4000AFF58 /* NewsCell.m */ = {isa = PBXFileReference; lastKnownFileType = sourcecode.c.objc; path = NewsCell.m; sourceTree = "<group>"; };
		AAD53B2821802503000AFF58 /* CoinCell.h */ = {isa = PBXFileReference; lastKnownFileType = sourcecode.c.h; path = CoinCell.h; sourceTree = "<group>"; };
		AAD53B2921802503000AFF58 /* CoinCell.m */ = {isa = PBXFileReference; lastKnownFileType = sourcecode.c.objc; path = CoinCell.m; sourceTree = "<group>"; };
		AAD53B3721803D37000AFF58 /* Smile intl-大莫豪城交易所 */ = {isa = PBXFileReference; lastKnownFileType = folder; path = "Smile intl-大莫豪城交易所"; sourceTree = "<group>"; };
		AAD53B3F21803D98000AFF58 /* LoginVC.h */ = {isa = PBXFileReference; lastKnownFileType = sourcecode.c.h; path = LoginVC.h; sourceTree = "<group>"; };
		AAD53B4021803D98000AFF58 /* LoginVC.m */ = {isa = PBXFileReference; lastKnownFileType = sourcecode.c.objc; path = LoginVC.m; sourceTree = "<group>"; };
		AAD53B4221803DAA000AFF58 /* TradeVC.h */ = {isa = PBXFileReference; lastKnownFileType = sourcecode.c.h; path = TradeVC.h; sourceTree = "<group>"; };
		AAD53B4321803DAA000AFF58 /* TradeVC.m */ = {isa = PBXFileReference; lastKnownFileType = sourcecode.c.objc; path = TradeVC.m; sourceTree = "<group>"; };
		AAD53B4521803DBD000AFF58 /* FranceCoinVC.h */ = {isa = PBXFileReference; lastKnownFileType = sourcecode.c.h; path = FranceCoinVC.h; sourceTree = "<group>"; };
		AAD53B4621803DBD000AFF58 /* FranceCoinVC.m */ = {isa = PBXFileReference; lastKnownFileType = sourcecode.c.objc; path = FranceCoinVC.m; sourceTree = "<group>"; };
		AAD53B4921803DD6000AFF58 /* PropertyVC.h */ = {isa = PBXFileReference; lastKnownFileType = sourcecode.c.h; path = PropertyVC.h; sourceTree = "<group>"; };
		AAD53B4A21803DD6000AFF58 /* PropertyVC.m */ = {isa = PBXFileReference; lastKnownFileType = sourcecode.c.objc; path = PropertyVC.m; sourceTree = "<group>"; };
		AAD53B4C21803DE1000AFF58 /* MineVC.h */ = {isa = PBXFileReference; lastKnownFileType = sourcecode.c.h; path = MineVC.h; sourceTree = "<group>"; };
		AAD53B4D21803DE1000AFF58 /* MineVC.m */ = {isa = PBXFileReference; lastKnownFileType = sourcecode.c.objc; path = MineVC.m; sourceTree = "<group>"; };
		AAD53B4F21803DF6000AFF58 /* PrefixHeader.pch */ = {isa = PBXFileReference; lastKnownFileType = sourcecode.c.h; path = PrefixHeader.pch; sourceTree = "<group>"; };
/* End PBXFileReference section */

/* Begin PBXFrameworksBuildPhase section */
		AAD53ADE218023B5000AFF58 /* Frameworks */ = {
			isa = PBXFrameworksBuildPhase;
			buildActionMask = 2147483647;
			files = (
			);
			runOnlyForDeploymentPostprocessing = 0;
		};
		AAD53AF6218023B7000AFF58 /* Frameworks */ = {
			isa = PBXFrameworksBuildPhase;
			buildActionMask = 2147483647;
			files = (
			);
			runOnlyForDeploymentPostprocessing = 0;
		};
		AAD53B01218023B7000AFF58 /* Frameworks */ = {
			isa = PBXFrameworksBuildPhase;
			buildActionMask = 2147483647;
			files = (
			);
			runOnlyForDeploymentPostprocessing = 0;
		};
/* End PBXFrameworksBuildPhase section */

/* Begin PBXGroup section */
		AA059BDF218856CC00DD2EC4 /* K线图 */ = {
			isa = PBXGroup;
			children = (
				AA059BE0218856CC00DD2EC4 /* Y_StockChartView.h */,
				AA059BE1218856CC00DD2EC4 /* Config */,
				AA059BEA218856CC00DD2EC4 /* Y_StockChartView.m */,
				AA059BEB218856CC00DD2EC4 /* KLine */,
			);
			path = "K线图";
			sourceTree = "<group>";
		};
		AA059BE1218856CC00DD2EC4 /* Config */ = {
			isa = PBXGroup;
			children = (
				AA059BE2218856CC00DD2EC4 /* GlobalVariable */,
				AA059BE5218856CC00DD2EC4 /* Constant */,
				AA059BE7218856CC00DD2EC4 /* Theme */,
			);
			path = Config;
			sourceTree = "<group>";
		};
		AA059BE2218856CC00DD2EC4 /* GlobalVariable */ = {
			isa = PBXGroup;
			children = (
				AA059BE3218856CC00DD2EC4 /* Y_StockChartGlobalVariable.h */,
				AA059BE4218856CC00DD2EC4 /* Y_StockChartGlobalVariable.m */,
			);
			path = GlobalVariable;
			sourceTree = "<group>";
		};
		AA059BE5218856CC00DD2EC4 /* Constant */ = {
			isa = PBXGroup;
			children = (
				AA059BE6218856CC00DD2EC4 /* Y_StockChartConstant.h */,
			);
			path = Constant;
			sourceTree = "<group>";
		};
		AA059BE7218856CC00DD2EC4 /* Theme */ = {
			isa = PBXGroup;
			children = (
				AA059BE8218856CC00DD2EC4 /* UIColor+Y_StockChart.h */,
				AA059BE9218856CC00DD2EC4 /* UIColor+Y_StockChart.m */,
			);
			path = Theme;
			sourceTree = "<group>";
		};
		AA059BEB218856CC00DD2EC4 /* KLine */ = {
			isa = PBXGroup;
			children = (
				AA059BEC218856CC00DD2EC4 /* KLine_MAView */,
				AA059BEF218856CC00DD2EC4 /* Y_KLineView.m */,
				AA059BF0218856CC00DD2EC4 /* PriceView */,
				AA059BF3218856CC00DD2EC4 /* Volume_MAView */,
				AA059BF6218856CC00DD2EC4 /* AccessoryView */,
				AA059BFC218856CC00DD2EC4 /* Accessory_MAView */,
				AA059BFF218856CC00DD2EC4 /* Model */,
				AA059C0C218856CC00DD2EC4 /* Y_KLineView.h */,
				AA059C0D218856CC00DD2EC4 /* VolumeView */,
				AA059C13218856CC00DD2EC4 /* MainKLineView */,
				AA059C1B218856CC00DD2EC4 /* SegmentView */,
			);
			path = KLine;
			sourceTree = "<group>";
		};
		AA059BEC218856CC00DD2EC4 /* KLine_MAView */ = {
			isa = PBXGroup;
			children = (
				AA059BED218856CC00DD2EC4 /* Y_KLineMAView.h */,
				AA059BEE218856CC00DD2EC4 /* Y_KLineMAView.m */,
			);
			path = KLine_MAView;
			sourceTree = "<group>";
		};
		AA059BF0218856CC00DD2EC4 /* PriceView */ = {
			isa = PBXGroup;
			children = (
				AA059BF1218856CC00DD2EC4 /* Y_StockChartRightYView.m */,
				AA059BF2218856CC00DD2EC4 /* Y_StockChartRightYView.h */,
			);
			path = PriceView;
			sourceTree = "<group>";
		};
		AA059BF3218856CC00DD2EC4 /* Volume_MAView */ = {
			isa = PBXGroup;
			children = (
				AA059BF4218856CC00DD2EC4 /* Y_VolumeMAView.h */,
				AA059BF5218856CC00DD2EC4 /* Y_VolumeMAView.m */,
			);
			path = Volume_MAView;
			sourceTree = "<group>";
		};
		AA059BF6218856CC00DD2EC4 /* AccessoryView */ = {
			isa = PBXGroup;
			children = (
				AA059BF7218856CC00DD2EC4 /* Y_KLineAccessoryView.m */,
				AA059BF8218856CC00DD2EC4 /* Line */,
				AA059BFB218856CC00DD2EC4 /* Y_KLineAccessoryView.h */,
			);
			path = AccessoryView;
			sourceTree = "<group>";
		};
		AA059BF8218856CC00DD2EC4 /* Line */ = {
			isa = PBXGroup;
			children = (
				AA059BF9218856CC00DD2EC4 /* Y_KLineAccessory.h */,
				AA059BFA218856CC00DD2EC4 /* Y_KLineAccessory.m */,
			);
			path = Line;
			sourceTree = "<group>";
		};
		AA059BFC218856CC00DD2EC4 /* Accessory_MAView */ = {
			isa = PBXGroup;
			children = (
				AA059BFD218856CC00DD2EC4 /* Y_AccessoryMAView.m */,
				AA059BFE218856CC00DD2EC4 /* Y_AccessoryMAView.h */,
			);
			path = Accessory_MAView;
			sourceTree = "<group>";
		};
		AA059BFF218856CC00DD2EC4 /* Model */ = {
			isa = PBXGroup;
			children = (
				AA059C00218856CC00DD2EC4 /* KLineModel */,
			);
			path = Model;
			sourceTree = "<group>";
		};
		AA059C00218856CC00DD2EC4 /* KLineModel */ = {
			isa = PBXGroup;
			children = (
				AA059C01218856CC00DD2EC4 /* Y_KLinePositionModel.m */,
				AA059C02218856CC00DD2EC4 /* MA-EMA-MACD介绍.md */,
				AA059C03218856CC00DD2EC4 /* Y_KLineModel.h */,
				AA059C04218856CC00DD2EC4 /* Y_KLineGroupModel.h */,
				AA059C05218856CC00DD2EC4 /* Y_KLineVolumePositionModel.h */,
				AA059C06218856CC00DD2EC4 /* Y_KLinePositionModel.h */,
				AA059C07218856CC00DD2EC4 /* Y_KLineModel.m */,
				AA059C08218856CC00DD2EC4 /* 指标公式.md */,
				AA059C09218856CC00DD2EC4 /* Y_KLineGroupModel.m */,
				AA059C0A218856CC00DD2EC4 /* KDJ介绍.md */,
				AA059C0B218856CC00DD2EC4 /* Y_KLineVolumePositionModel.m */,
			);
			path = KLineModel;
			sourceTree = "<group>";
		};
		AA059C0D218856CC00DD2EC4 /* VolumeView */ = {
			isa = PBXGroup;
			children = (
				AA059C0E218856CC00DD2EC4 /* Y_KLineVolumeView.m */,
				AA059C0F218856CC00DD2EC4 /* Line */,
				AA059C12218856CC00DD2EC4 /* Y_KLineVolumeView.h */,
			);
			path = VolumeView;
			sourceTree = "<group>";
		};
		AA059C0F218856CC00DD2EC4 /* Line */ = {
			isa = PBXGroup;
			children = (
				AA059C10218856CC00DD2EC4 /* Y_KLineVolume.m */,
				AA059C11218856CC00DD2EC4 /* Y_KLineVolume.h */,
			);
			path = Line;
			sourceTree = "<group>";
		};
		AA059C13218856CC00DD2EC4 /* MainKLineView */ = {
			isa = PBXGroup;
			children = (
				AA059C14218856CC00DD2EC4 /* Y_KLineMainView.m */,
				AA059C15218856CC00DD2EC4 /* Line */,
				AA059C1A218856CC00DD2EC4 /* Y_KLineMainView.h */,
			);
			path = MainKLineView;
			sourceTree = "<group>";
		};
		AA059C15218856CC00DD2EC4 /* Line */ = {
			isa = PBXGroup;
			children = (
				AA059C16218856CC00DD2EC4 /* Y_MALine.h */,
				AA059C17218856CC00DD2EC4 /* Y_KLine.h */,
				AA059C18218856CC00DD2EC4 /* Y_MALine.m */,
				AA059C19218856CC00DD2EC4 /* Y_KLine.m */,
			);
			path = Line;
			sourceTree = "<group>";
		};
		AA059C1B218856CC00DD2EC4 /* SegmentView */ = {
			isa = PBXGroup;
			children = (
				AA059C1C218856CC00DD2EC4 /* Y_StockChartSegmentView.m */,
				AA059C1D218856CC00DD2EC4 /* Y_StockChartSegmentView.h */,
			);
			path = SegmentView;
			sourceTree = "<group>";
		};
		AA059C35218856E300DD2EC4 /* Masonry_v1.1.0 */ = {
			isa = PBXGroup;
			children = (
				AA059C36218856E300DD2EC4 /* MASCompositeConstraint.h */,
				AA059C37218856E300DD2EC4 /* NSLayoutConstraint+MASDebugAdditions.m */,
				AA059C38218856E300DD2EC4 /* MASConstraint+Private.h */,
				AA059C39218856E300DD2EC4 /* MASLayoutConstraint.h */,
				AA059C3A218856E300DD2EC4 /* NSArray+MASShorthandAdditions.h */,
				AA059C3B218856E300DD2EC4 /* MASConstraintMaker.h */,
				AA059C3C218856E300DD2EC4 /* View+MASAdditions.h */,
				AA059C3D218856E300DD2EC4 /* NSArray+MASAdditions.h */,
				AA059C3E218856E300DD2EC4 /* MASUtilities.h */,
				AA059C3F218856E300DD2EC4 /* MASViewAttribute.h */,
				AA059C40218856E300DD2EC4 /* ViewController+MASAdditions.m */,
				AA059C41218856E300DD2EC4 /* MASViewConstraint.h */,
				AA059C42218856E300DD2EC4 /* MASConstraint.h */,
				AA059C43218856E300DD2EC4 /* NSLayoutConstraint+MASDebugAdditions.h */,
				AA059C44218856E300DD2EC4 /* MASCompositeConstraint.m */,
				AA059C45218856E300DD2EC4 /* MASConstraintMaker.m */,
				AA059C46218856E300DD2EC4 /* MASLayoutConstraint.m */,
				AA059C47218856E300DD2EC4 /* NSArray+MASAdditions.m */,
				AA059C48218856E300DD2EC4 /* View+MASAdditions.m */,
				AA059C49218856E300DD2EC4 /* View+MASShorthandAdditions.h */,
				AA059C4A218856E300DD2EC4 /* Masonry.h */,
				AA059C4B218856E300DD2EC4 /* MASConstraint.m */,
				AA059C4C218856E300DD2EC4 /* ViewController+MASAdditions.h */,
				AA059C4D218856E300DD2EC4 /* MASViewConstraint.m */,
				AA059C4E218856E300DD2EC4 /* MASViewAttribute.m */,
				AA059C4F218856E300DD2EC4 /* Info.plist */,
			);
			path = Masonry_v1.1.0;
			sourceTree = "<group>";
		};
		AA059C6121885A2200DD2EC4 /* AFNetworking */ = {
			isa = PBXGroup;
			children = (
				AA059C6221885A2200DD2EC4 /* AFSecurityPolicy.h */,
				AA059C6321885A2200DD2EC4 /* AFNetworkReachabilityManager.h */,
				AA059C6421885A2200DD2EC4 /* AFURLSessionManager.h */,
				AA059C6521885A2200DD2EC4 /* AFURLRequestSerialization.h */,
				AA059C6621885A2200DD2EC4 /* AFURLResponseSerialization.m */,
				AA059C6721885A2200DD2EC4 /* AFHTTPSessionManager.m */,
				AA059C6821885A2200DD2EC4 /* AFURLResponseSerialization.h */,
				AA059C6921885A2200DD2EC4 /* AFURLSessionManager.m */,
				AA059C6A21885A2200DD2EC4 /* AFURLRequestSerialization.m */,
				AA059C6B21885A2200DD2EC4 /* AFNetworking.h */,
				AA059C6C21885A2200DD2EC4 /* AFNetworkReachabilityManager.m */,
				AA059C6D21885A2200DD2EC4 /* AFSecurityPolicy.m */,
				AA059C6E21885A2200DD2EC4 /* AFCompatibilityMacros.h */,
				AA059C6F21885A2200DD2EC4 /* AFHTTPSessionManager.h */,
			);
			name = AFNetworking;
			path = ../../ios_amu/DMHCExchange/DMHCExchange/Classes/Main/Lib/Networking/AFNetworking;
			sourceTree = "<group>";
		};
		AA059C7021885A2300DD2EC4 /* UIKit+AFNetworking */ = {
			isa = PBXGroup;
			children = (
				AA059C7121885A2300DD2EC4 /* UIProgressView+AFNetworking.m */,
				AA059C7221885A2300DD2EC4 /* UIButton+AFNetworking.h */,
				AA059C7321885A2300DD2EC4 /* UIRefreshControl+AFNetworking.m */,
				AA059C7421885A2300DD2EC4 /* UIImageView+AFNetworking.h */,
				AA059C7521885A2300DD2EC4 /* AFImageDownloader.h */,
				AA059C7621885A2300DD2EC4 /* AFNetworkActivityIndicatorManager.m */,
				AA059C7721885A2300DD2EC4 /* AFAutoPurgingImageCache.h */,
				AA059C7821885A2300DD2EC4 /* UIWebView+AFNetworking.h */,
				AA059C7921885A2300DD2EC4 /* UIActivityIndicatorView+AFNetworking.h */,
				AA059C7A21885A2300DD2EC4 /* UIImage+AFNetworking.h */,
				AA059C7B21885A2300DD2EC4 /* UIProgressView+AFNetworking.h */,
				AA059C7C21885A2300DD2EC4 /* UIImageView+AFNetworking.m */,
				AA059C7D21885A2300DD2EC4 /* UIKit+AFNetworking.h */,
				AA059C7E21885A2300DD2EC4 /* UIRefreshControl+AFNetworking.h */,
				AA059C7F21885A2300DD2EC4 /* UIButton+AFNetworking.m */,
				AA059C8021885A2300DD2EC4 /* UIActivityIndicatorView+AFNetworking.m */,
				AA059C8121885A2300DD2EC4 /* UIWebView+AFNetworking.m */,
				AA059C8221885A2300DD2EC4 /* AFAutoPurgingImageCache.m */,
				AA059C8321885A2300DD2EC4 /* AFNetworkActivityIndicatorManager.h */,
				AA059C8421885A2300DD2EC4 /* AFImageDownloader.m */,
			);
			name = "UIKit+AFNetworking";
			path = "../../ios_amu/DMHCExchange/DMHCExchange/Classes/Main/Lib/Networking/UIKit+AFNetworking";
			sourceTree = "<group>";
		};
		AAD53AD8218023B5000AFF58 = {
			isa = PBXGroup;
			children = (
				AAD53AE3218023B5000AFF58 /* Demo */,
				AAD53AFC218023B7000AFF58 /* DemoTests */,
				AAD53B07218023B7000AFF58 /* DemoUITests */,
				AAD53AE2218023B5000AFF58 /* Products */,
			);
			sourceTree = "<group>";
		};
		AAD53AE2218023B5000AFF58 /* Products */ = {
			isa = PBXGroup;
			children = (
				AAD53AE1218023B5000AFF58 /* Demo.app */,
				AAD53AF9218023B7000AFF58 /* DemoTests.xctest */,
				AAD53B04218023B7000AFF58 /* DemoUITests.xctest */,
			);
			name = Products;
			sourceTree = "<group>";
		};
		AAD53AE3218023B5000AFF58 /* Demo */ = {
			isa = PBXGroup;
			children = (
				AA059C5B2188572C00DD2EC4 /* UILabel+NNHExtension.h */,
				AA059C5C2188572C00DD2EC4 /* UILabel+NNHExtension.m */,
				AA059C5F2188587100DD2EC4 /* UIColor+NNHExtension.h */,
				AA059C5E2188587000DD2EC4 /* UIColor+NNHExtension.m */,
				AA059C6121885A2200DD2EC4 /* AFNetworking */,
				AA059C7021885A2300DD2EC4 /* UIKit+AFNetworking */,
				AA059C35218856E300DD2EC4 /* Masonry_v1.1.0 */,
				AA059BDF218856CC00DD2EC4 /* K线图 */,
				AAD53B4F21803DF6000AFF58 /* PrefixHeader.pch */,
				AAD53B3B21803D6E000AFF58 /* BaseMVC */,
				AAD53B3A21803D5C000AFF58 /* Login */,
				AAD53B3921803D4C000AFF58 /* AppDelegate */,
				AAD53B3621803D12000AFF58 /* Design_Photot */,
				AAD53B1921802447000AFF58 /* templates */,
				AAD53AEA218023B5000AFF58 /* Main.storyboard */,
				AAD53AED218023B7000AFF58 /* Assets.xcassets */,
				AAD53AEF218023B7000AFF58 /* LaunchScreen.storyboard */,
				AAD53AF2218023B7000AFF58 /* Info.plist */,
				AAD53AF3218023B7000AFF58 /* main.m */,
				AA059C97218C48E800DD2EC4 /* CommonValue.h */,
			);
			path = Demo;
			sourceTree = "<group>";
		};
		AAD53AFC218023B7000AFF58 /* DemoTests */ = {
			isa = PBXGroup;
			children = (
				AAD53AFD218023B7000AFF58 /* DemoTests.m */,
				AAD53AFF218023B7000AFF58 /* Info.plist */,
			);
			path = DemoTests;
			sourceTree = "<group>";
		};
		AAD53B07218023B7000AFF58 /* DemoUITests */ = {
			isa = PBXGroup;
			children = (
				AAD53B08218023B7000AFF58 /* DemoUITests.m */,
				AAD53B0A218023B7000AFF58 /* Info.plist */,
			);
			path = DemoUITests;
			sourceTree = "<group>";
		};
		AAD53B1921802447000AFF58 /* templates */ = {
			isa = PBXGroup;
			children = (
				AAD53B1E2180248D000AFF58 /* HomePage */,
				AAD53B1D21802478000AFF58 /* Trade */,
				AAD53B1C21802469000AFF58 /* FranceCoin */,
				AAD53B1B21802460000AFF58 /* Property */,
				AAD53B1A21802451000AFF58 /* Mine */,
			);
			path = templates;
			sourceTree = "<group>";
		};
		AAD53B1A21802451000AFF58 /* Mine */ = {
			isa = PBXGroup;
			children = (
				AAD53B3521803D0A000AFF58 /* Models */,
				AAD53B3421803D06000AFF58 /* Views */,
				AAD53B3321802623000AFF58 /* Controllers */,
			);
			path = Mine;
			sourceTree = "<group>";
		};
		AAD53B1B21802460000AFF58 /* Property */ = {
			isa = PBXGroup;
			children = (
				AAD53B4821803DC7000AFF58 /* Models */,
				AAD53B32218025CD000AFF58 /* Views */,
				AAD53B31218025C6000AFF58 /* Controllers */,
			);
			path = Property;
			sourceTree = "<group>";
		};
		AAD53B1C21802469000AFF58 /* FranceCoin */ = {
			isa = PBXGroup;
			children = (
				AAD53B30218025BC000AFF58 /* Models */,
				AAD53B2F218025B8000AFF58 /* Views */,
				AAD53B2E218025B1000AFF58 /* Controllers */,
			);
			path = FranceCoin;
			sourceTree = "<group>";
		};
		AAD53B1D21802478000AFF58 /* Trade */ = {
			isa = PBXGroup;
			children = (
				AAD53B2D218025AB000AFF58 /* Models */,
				AAD53B2C218025A6000AFF58 /* Views */,
				AAD53B2B2180259F000AFF58 /* Controllers */,
			);
			path = Trade;
			sourceTree = "<group>";
		};
		AAD53B1E2180248D000AFF58 /* HomePage */ = {
			isa = PBXGroup;
			children = (
				AAD53B21218024A8000AFF58 /* Models */,
				AAD53B20218024A3000AFF58 /* Views */,
				AAD53B1F2180249B000AFF58 /* Controllers */,
			);
			path = HomePage;
			sourceTree = "<group>";
		};
		AAD53B1F2180249B000AFF58 /* Controllers */ = {
			isa = PBXGroup;
			children = (
				AAD53B22218024BD000AFF58 /* HomePageVC.h */,
				AAD53B23218024BD000AFF58 /* HomePageVC.m */,
			);
			path = Controllers;
			sourceTree = "<group>";
		};
		AAD53B20218024A3000AFF58 /* Views */ = {
			isa = PBXGroup;
			children = (
				AA059BDA218856BD00DD2EC4 /* NNTradeDetailView.h */,
				AA059BD3218856BD00DD2EC4 /* NNTradeDetailView.m */,
				AA059BD4218856BD00DD2EC4 /* NNKlineSegementView.h */,
				AA059BD8218856BD00DD2EC4 /* NNKlineSegementView.m */,
				AA059BD9218856BD00DD2EC4 /* NNDropListView.h */,
				AA059BD7218856BD00DD2EC4 /* NNDropListView.m */,
				AA059BD5218856BD00DD2EC4 /* NNTagCell.h */,
				AA059BD6218856BD00DD2EC4 /* NNTagCell.m */,
				AAD53B25218024F4000AFF58 /* NewsCell.h */,
				AAD53B26218024F4000AFF58 /* NewsCell.m */,
				AAD53B2821802503000AFF58 /* CoinCell.h */,
				AAD53B2921802503000AFF58 /* CoinCell.m */,
			);
			path = Views;
			sourceTree = "<group>";
		};
		AAD53B21218024A8000AFF58 /* Models */ = {
			isa = PBXGroup;
			children = (
			);
			path = Models;
			sourceTree = "<group>";
		};
		AAD53B2B2180259F000AFF58 /* Controllers */ = {
			isa = PBXGroup;
			children = (
				AAD53B4221803DAA000AFF58 /* TradeVC.h */,
				AAD53B4321803DAA000AFF58 /* TradeVC.m */,
			);
			path = Controllers;
			sourceTree = "<group>";
		};
		AAD53B2C218025A6000AFF58 /* Views */ = {
			isa = PBXGroup;
			children = (
			);
			path = Views;
			sourceTree = "<group>";
		};
		AAD53B2D218025AB000AFF58 /* Models */ = {
			isa = PBXGroup;
			children = (
			);
			path = Models;
			sourceTree = "<group>";
		};
		AAD53B2E218025B1000AFF58 /* Controllers */ = {
			isa = PBXGroup;
			children = (
				AAD53B4521803DBD000AFF58 /* FranceCoinVC.h */,
				AAD53B4621803DBD000AFF58 /* FranceCoinVC.m */,
			);
			path = Controllers;
			sourceTree = "<group>";
		};
		AAD53B2F218025B8000AFF58 /* Views */ = {
			isa = PBXGroup;
			children = (
			);
			path = Views;
			sourceTree = "<group>";
		};
		AAD53B30218025BC000AFF58 /* Models */ = {
			isa = PBXGroup;
			children = (
			);
			path = Models;
			sourceTree = "<group>";
		};
		AAD53B31218025C6000AFF58 /* Controllers */ = {
			isa = PBXGroup;
			children = (
				AAD53B4921803DD6000AFF58 /* PropertyVC.h */,
				AAD53B4A21803DD6000AFF58 /* PropertyVC.m */,
			);
			path = Controllers;
			sourceTree = "<group>";
		};
		AAD53B32218025CD000AFF58 /* Views */ = {
			isa = PBXGroup;
			children = (
			);
			path = Views;
			sourceTree = "<group>";
		};
		AAD53B3321802623000AFF58 /* Controllers */ = {
			isa = PBXGroup;
			children = (
				AAD53B4C21803DE1000AFF58 /* MineVC.h */,
				AAD53B4D21803DE1000AFF58 /* MineVC.m */,
			);
			path = Controllers;
			sourceTree = "<group>";
		};
		AAD53B3421803D06000AFF58 /* Views */ = {
			isa = PBXGroup;
			children = (
			);
			path = Views;
			sourceTree = "<group>";
		};
		AAD53B3521803D0A000AFF58 /* Models */ = {
			isa = PBXGroup;
			children = (
			);
			path = Models;
			sourceTree = "<group>";
		};
		AAD53B3621803D12000AFF58 /* Design_Photot */ = {
			isa = PBXGroup;
			children = (
				AAD53B3721803D37000AFF58 /* Smile intl-大莫豪城交易所 */,
			);
			path = Design_Photot;
			sourceTree = "<group>";
		};
		AAD53B3921803D4C000AFF58 /* AppDelegate */ = {
			isa = PBXGroup;
			children = (
				AAD53AE4218023B5000AFF58 /* AppDelegate.h */,
				AAD53AE5218023B5000AFF58 /* AppDelegate.m */,
			);
			path = AppDelegate;
			sourceTree = "<group>";
		};
		AAD53B3A21803D5C000AFF58 /* Login */ = {
			isa = PBXGroup;
			children = (
				AAD53B3F21803D98000AFF58 /* LoginVC.h */,
				AAD53B4021803D98000AFF58 /* LoginVC.m */,
			);
			path = Login;
			sourceTree = "<group>";
		};
		AAD53B3B21803D6E000AFF58 /* BaseMVC */ = {
			isa = PBXGroup;
			children = (
				AAD53B3E21803D82000AFF58 /* Models */,
				AAD53B3D21803D7D000AFF58 /* Views */,
				AAD53B3C21803D79000AFF58 /* Controllers */,
			);
			path = BaseMVC;
			sourceTree = "<group>";
		};
		AAD53B3C21803D79000AFF58 /* Controllers */ = {
			isa = PBXGroup;
			children = (
				AAD53B162180243B000AFF58 /* TabbarVC.h */,
				AAD53B172180243B000AFF58 /* TabbarVC.m */,
			);
			path = Controllers;
			sourceTree = "<group>";
		};
		AAD53B3D21803D7D000AFF58 /* Views */ = {
			isa = PBXGroup;
			children = (
			);
			path = Views;
			sourceTree = "<group>";
		};
		AAD53B3E21803D82000AFF58 /* Models */ = {
			isa = PBXGroup;
			children = (
			);
			path = Models;
			sourceTree = "<group>";
		};
		AAD53B4821803DC7000AFF58 /* Models */ = {
			isa = PBXGroup;
			children = (
			);
			path = Models;
			sourceTree = "<group>";
		};
/* End PBXGroup section */

/* Begin PBXNativeTarget section */
		AAD53AE0218023B5000AFF58 /* Demo */ = {
			isa = PBXNativeTarget;
			buildConfigurationList = AAD53B0D218023B7000AFF58 /* Build configuration list for PBXNativeTarget "Demo" */;
			buildPhases = (
				AAD53ADD218023B5000AFF58 /* Sources */,
				AAD53ADE218023B5000AFF58 /* Frameworks */,
				AAD53ADF218023B5000AFF58 /* Resources */,
			);
			buildRules = (
			);
			dependencies = (
			);
			name = Demo;
			productName = Demo;
			productReference = AAD53AE1218023B5000AFF58 /* Demo.app */;
			productType = "com.apple.product-type.application";
		};
		AAD53AF8218023B7000AFF58 /* DemoTests */ = {
			isa = PBXNativeTarget;
			buildConfigurationList = AAD53B10218023B7000AFF58 /* Build configuration list for PBXNativeTarget "DemoTests" */;
			buildPhases = (
				AAD53AF5218023B7000AFF58 /* Sources */,
				AAD53AF6218023B7000AFF58 /* Frameworks */,
				AAD53AF7218023B7000AFF58 /* Resources */,
			);
			buildRules = (
			);
			dependencies = (
				AAD53AFB218023B7000AFF58 /* PBXTargetDependency */,
			);
			name = DemoTests;
			productName = DemoTests;
			productReference = AAD53AF9218023B7000AFF58 /* DemoTests.xctest */;
			productType = "com.apple.product-type.bundle.unit-test";
		};
		AAD53B03218023B7000AFF58 /* DemoUITests */ = {
			isa = PBXNativeTarget;
			buildConfigurationList = AAD53B13218023B7000AFF58 /* Build configuration list for PBXNativeTarget "DemoUITests" */;
			buildPhases = (
				AAD53B00218023B7000AFF58 /* Sources */,
				AAD53B01218023B7000AFF58 /* Frameworks */,
				AAD53B02218023B7000AFF58 /* Resources */,
			);
			buildRules = (
			);
			dependencies = (
				AAD53B06218023B7000AFF58 /* PBXTargetDependency */,
			);
			name = DemoUITests;
			productName = DemoUITests;
			productReference = AAD53B04218023B7000AFF58 /* DemoUITests.xctest */;
			productType = "com.apple.product-type.bundle.ui-testing";
		};
/* End PBXNativeTarget section */

/* Begin PBXProject section */
		AAD53AD9218023B5000AFF58 /* Project object */ = {
			isa = PBXProject;
			attributes = {
				LastUpgradeCheck = 1000;
				ORGANIZATIONNAME = Chan;
				TargetAttributes = {
					AAD53AE0218023B5000AFF58 = {
						CreatedOnToolsVersion = 10.0;
					};
					AAD53AF8218023B7000AFF58 = {
						CreatedOnToolsVersion = 10.0;
						TestTargetID = AAD53AE0218023B5000AFF58;
					};
					AAD53B03218023B7000AFF58 = {
						CreatedOnToolsVersion = 10.0;
						TestTargetID = AAD53AE0218023B5000AFF58;
					};
				};
			};
			buildConfigurationList = AAD53ADC218023B5000AFF58 /* Build configuration list for PBXProject "Demo" */;
			compatibilityVersion = "Xcode 9.3";
			developmentRegion = en;
			hasScannedForEncodings = 0;
			knownRegions = (
				en,
				Base,
			);
			mainGroup = AAD53AD8218023B5000AFF58;
			productRefGroup = AAD53AE2218023B5000AFF58 /* Products */;
			projectDirPath = "";
			projectRoot = "";
			targets = (
				AAD53AE0218023B5000AFF58 /* Demo */,
				AAD53AF8218023B7000AFF58 /* DemoTests */,
				AAD53B03218023B7000AFF58 /* DemoUITests */,
			);
		};
/* End PBXProject section */

/* Begin PBXResourcesBuildPhase section */
		AAD53ADF218023B5000AFF58 /* Resources */ = {
			isa = PBXResourcesBuildPhase;
			buildActionMask = 2147483647;
			files = (
				AA059C5A218856E300DD2EC4 /* Info.plist in Resources */,
				AAD53AF1218023B7000AFF58 /* LaunchScreen.storyboard in Resources */,
				AAD53B3821803D37000AFF58 /* Smile intl-大莫豪城交易所 in Resources */,
				AAD53AEE218023B7000AFF58 /* Assets.xcassets in Resources */,
				AA059C2B218856CC00DD2EC4 /* 指标公式.md in Resources */,
				AAD53AEC218023B5000AFF58 /* Main.storyboard in Resources */,
				AA059C29218856CC00DD2EC4 /* MA-EMA-MACD介绍.md in Resources */,
				AA059C2D218856CC00DD2EC4 /* KDJ介绍.md in Resources */,
			);
			runOnlyForDeploymentPostprocessing = 0;
		};
		AAD53AF7218023B7000AFF58 /* Resources */ = {
			isa = PBXResourcesBuildPhase;
			buildActionMask = 2147483647;
			files = (
			);
			runOnlyForDeploymentPostprocessing = 0;
		};
		AAD53B02218023B7000AFF58 /* Resources */ = {
			isa = PBXResourcesBuildPhase;
			buildActionMask = 2147483647;
			files = (
			);
			runOnlyForDeploymentPostprocessing = 0;
		};
/* End PBXResourcesBuildPhase section */

/* Begin PBXSourcesBuildPhase section */
		AAD53ADD218023B5000AFF58 /* Sources */ = {
			isa = PBXSourcesBuildPhase;
			buildActionMask = 2147483647;
			files = (
				AAD53AF4218023B7000AFF58 /* main.m in Sources */,
				AA059BDD218856BD00DD2EC4 /* NNDropListView.m in Sources */,
				AA059C32218856CC00DD2EC4 /* Y_MALine.m in Sources */,
				AA059C2E218856CC00DD2EC4 /* Y_KLineVolumePositionModel.m in Sources */,
				AA059C602188587100DD2EC4 /* UIColor+NNHExtension.m in Sources */,
				AA059C28218856CC00DD2EC4 /* Y_KLinePositionModel.m in Sources */,
				AA059C59218856E300DD2EC4 /* MASViewAttribute.m in Sources */,
				AA059C8C21885A2300DD2EC4 /* UIRefreshControl+AFNetworking.m in Sources */,
				AA059BDC218856BD00DD2EC4 /* NNTagCell.m in Sources */,
				AA059BDE218856BD00DD2EC4 /* NNKlineSegementView.m in Sources */,
				AA059C30218856CC00DD2EC4 /* Y_KLineVolume.m in Sources */,
				AA059C53218856E300DD2EC4 /* MASConstraintMaker.m in Sources */,
				AA059C8D21885A2300DD2EC4 /* AFNetworkActivityIndicatorManager.m in Sources */,
				AAD53B27218024F4000AFF58 /* NewsCell.m in Sources */,
				AA059C8821885A2300DD2EC4 /* AFURLRequestSerialization.m in Sources */,
				AA059C57218856E300DD2EC4 /* MASConstraint.m in Sources */,
				AA059C8921885A2300DD2EC4 /* AFNetworkReachabilityManager.m in Sources */,
				AAD53B24218024BD000AFF58 /* HomePageVC.m in Sources */,
				AA059C2C218856CC00DD2EC4 /* Y_KLineGroupModel.m in Sources */,
				AA059C54218856E300DD2EC4 /* MASLayoutConstraint.m in Sources */,
				AA059C50218856E300DD2EC4 /* NSLayoutConstraint+MASDebugAdditions.m in Sources */,
				AA059C33218856CC00DD2EC4 /* Y_KLine.m in Sources */,
				AAD53B182180243B000AFF58 /* TabbarVC.m in Sources */,
				AAD53B2A21802503000AFF58 /* CoinCell.m in Sources */,
				AA059C8B21885A2300DD2EC4 /* UIProgressView+AFNetworking.m in Sources */,
				AA059C34218856CC00DD2EC4 /* Y_StockChartSegmentView.m in Sources */,
				AAD53B4421803DAA000AFF58 /* TradeVC.m in Sources */,
				AAD53B4121803D98000AFF58 /* LoginVC.m in Sources */,
				AA059C8E21885A2300DD2EC4 /* UIImageView+AFNetworking.m in Sources */,
				AA059C9021885A2300DD2EC4 /* UIActivityIndicatorView+AFNetworking.m in Sources */,
				AA059C8A21885A2300DD2EC4 /* AFSecurityPolicy.m in Sources */,
				AA059C56218856E300DD2EC4 /* View+MASAdditions.m in Sources */,
				AA059C9121885A2300DD2EC4 /* UIWebView+AFNetworking.m in Sources */,
				AA059C25218856CC00DD2EC4 /* Y_KLineAccessoryView.m in Sources */,
				AA059C8721885A2300DD2EC4 /* AFURLSessionManager.m in Sources */,
				AA059C58218856E300DD2EC4 /* MASViewConstraint.m in Sources */,
				AA059C27218856CC00DD2EC4 /* Y_AccessoryMAView.m in Sources */,
				AA059C51218856E300DD2EC4 /* ViewController+MASAdditions.m in Sources */,
				AA059C55218856E300DD2EC4 /* NSArray+MASAdditions.m in Sources */,
				AAD53B4E21803DE1000AFF58 /* MineVC.m in Sources */,
				AA059C2F218856CC00DD2EC4 /* Y_KLineVolumeView.m in Sources */,
				AA059C26218856CC00DD2EC4 /* Y_KLineAccessory.m in Sources */,
				AA059C8F21885A2300DD2EC4 /* UIButton+AFNetworking.m in Sources */,
				AA059C5D2188572C00DD2EC4 /* UILabel+NNHExtension.m in Sources */,
				AA059C52218856E300DD2EC4 /* MASCompositeConstraint.m in Sources */,
				AA059BDB218856BD00DD2EC4 /* NNTradeDetailView.m in Sources */,
				AA059C20218856CC00DD2EC4 /* Y_StockChartView.m in Sources */,
				AA059C9221885A2300DD2EC4 /* AFAutoPurgingImageCache.m in Sources */,
				AA059C1E218856CC00DD2EC4 /* Y_StockChartGlobalVariable.m in Sources */,
				AA059C9321885A2300DD2EC4 /* AFImageDownloader.m in Sources */,
				AA059C24218856CC00DD2EC4 /* Y_VolumeMAView.m in Sources */,
				AA059C31218856CC00DD2EC4 /* Y_KLineMainView.m in Sources */,
				AA059C22218856CC00DD2EC4 /* Y_KLineView.m in Sources */,
				AA059C8621885A2300DD2EC4 /* AFHTTPSessionManager.m in Sources */,
				AA059C23218856CC00DD2EC4 /* Y_StockChartRightYView.m in Sources */,
				AAD53B4721803DBD000AFF58 /* FranceCoinVC.m in Sources */,
				AAD53AE6218023B5000AFF58 /* AppDelegate.m in Sources */,
				AA059C1F218856CC00DD2EC4 /* UIColor+Y_StockChart.m in Sources */,
				AAD53B4B21803DD6000AFF58 /* PropertyVC.m in Sources */,
				AA059C2A218856CC00DD2EC4 /* Y_KLineModel.m in Sources */,
				AA059C8521885A2300DD2EC4 /* AFURLResponseSerialization.m in Sources */,
				AA059C21218856CC00DD2EC4 /* Y_KLineMAView.m in Sources */,
			);
			runOnlyForDeploymentPostprocessing = 0;
		};
		AAD53AF5218023B7000AFF58 /* Sources */ = {
			isa = PBXSourcesBuildPhase;
			buildActionMask = 2147483647;
			files = (
				AAD53AFE218023B7000AFF58 /* DemoTests.m in Sources */,
			);
			runOnlyForDeploymentPostprocessing = 0;
		};
		AAD53B00218023B7000AFF58 /* Sources */ = {
			isa = PBXSourcesBuildPhase;
			buildActionMask = 2147483647;
			files = (
				AAD53B09218023B7000AFF58 /* DemoUITests.m in Sources */,
			);
			runOnlyForDeploymentPostprocessing = 0;
		};
/* End PBXSourcesBuildPhase section */

/* Begin PBXTargetDependency section */
		AAD53AFB218023B7000AFF58 /* PBXTargetDependency */ = {
			isa = PBXTargetDependency;
			target = AAD53AE0218023B5000AFF58 /* Demo */;
			targetProxy = AAD53AFA218023B7000AFF58 /* PBXContainerItemProxy */;
		};
		AAD53B06218023B7000AFF58 /* PBXTargetDependency */ = {
			isa = PBXTargetDependency;
			target = AAD53AE0218023B5000AFF58 /* Demo */;
			targetProxy = AAD53B05218023B7000AFF58 /* PBXContainerItemProxy */;
		};
/* End PBXTargetDependency section */

/* Begin PBXVariantGroup section */
		AAD53AEA218023B5000AFF58 /* Main.storyboard */ = {
			isa = PBXVariantGroup;
			children = (
				AAD53AEB218023B5000AFF58 /* Base */,
			);
			name = Main.storyboard;
			sourceTree = "<group>";
		};
		AAD53AEF218023B7000AFF58 /* LaunchScreen.storyboard */ = {
			isa = PBXVariantGroup;
			children = (
				AAD53AF0218023B7000AFF58 /* Base */,
			);
			name = LaunchScreen.storyboard;
			sourceTree = "<group>";
		};
/* End PBXVariantGroup section */

/* Begin XCBuildConfiguration section */
		AAD53B0B218023B7000AFF58 /* Debug */ = {
			isa = XCBuildConfiguration;
			buildSettings = {
				ALWAYS_SEARCH_USER_PATHS = NO;
				CLANG_ANALYZER_NONNULL = YES;
				CLANG_ANALYZER_NUMBER_OBJECT_CONVERSION = YES_AGGRESSIVE;
				CLANG_CXX_LANGUAGE_STANDARD = "gnu++14";
				CLANG_CXX_LIBRARY = "libc++";
				CLANG_ENABLE_MODULES = YES;
				CLANG_ENABLE_OBJC_ARC = YES;
				CLANG_ENABLE_OBJC_WEAK = YES;
				CLANG_WARN_BLOCK_CAPTURE_AUTORELEASING = YES;
				CLANG_WARN_BOOL_CONVERSION = YES;
				CLANG_WARN_COMMA = YES;
				CLANG_WARN_CONSTANT_CONVERSION = YES;
				CLANG_WARN_DEPRECATED_OBJC_IMPLEMENTATIONS = YES;
				CLANG_WARN_DIRECT_OBJC_ISA_USAGE = YES_ERROR;
				CLANG_WARN_DOCUMENTATION_COMMENTS = YES;
				CLANG_WARN_EMPTY_BODY = YES;
				CLANG_WARN_ENUM_CONVERSION = YES;
				CLANG_WARN_INFINITE_RECURSION = YES;
				CLANG_WARN_INT_CONVERSION = YES;
				CLANG_WARN_NON_LITERAL_NULL_CONVERSION = YES;
				CLANG_WARN_OBJC_IMPLICIT_RETAIN_SELF = YES;
				CLANG_WARN_OBJC_LITERAL_CONVERSION = YES;
				CLANG_WARN_OBJC_ROOT_CLASS = YES_ERROR;
				CLANG_WARN_RANGE_LOOP_ANALYSIS = YES;
				CLANG_WARN_STRICT_PROTOTYPES = YES;
				CLANG_WARN_SUSPICIOUS_MOVE = YES;
				CLANG_WARN_UNGUARDED_AVAILABILITY = YES_AGGRESSIVE;
				CLANG_WARN_UNREACHABLE_CODE = YES;
				CLANG_WARN__DUPLICATE_METHOD_MATCH = YES;
				CODE_SIGN_IDENTITY = "iPhone Developer";
				COPY_PHASE_STRIP = NO;
				DEBUG_INFORMATION_FORMAT = dwarf;
				ENABLE_STRICT_OBJC_MSGSEND = YES;
				ENABLE_TESTABILITY = YES;
				GCC_C_LANGUAGE_STANDARD = gnu11;
				GCC_DYNAMIC_NO_PIC = NO;
				GCC_NO_COMMON_BLOCKS = YES;
				GCC_OPTIMIZATION_LEVEL = 0;
				GCC_PREPROCESSOR_DEFINITIONS = (
					"DEBUG=1",
					"$(inherited)",
				);
				GCC_WARN_64_TO_32_BIT_CONVERSION = YES;
				GCC_WARN_ABOUT_RETURN_TYPE = YES_ERROR;
				GCC_WARN_UNDECLARED_SELECTOR = YES;
				GCC_WARN_UNINITIALIZED_AUTOS = YES_AGGRESSIVE;
				GCC_WARN_UNUSED_FUNCTION = YES;
				GCC_WARN_UNUSED_VARIABLE = YES;
				IPHONEOS_DEPLOYMENT_TARGET = 12.0;
				MTL_ENABLE_DEBUG_INFO = INCLUDE_SOURCE;
				MTL_FAST_MATH = YES;
				ONLY_ACTIVE_ARCH = YES;
				SDKROOT = iphoneos;
			};
			name = Debug;
		};
		AAD53B0C218023B7000AFF58 /* Release */ = {
			isa = XCBuildConfiguration;
			buildSettings = {
				ALWAYS_SEARCH_USER_PATHS = NO;
				CLANG_ANALYZER_NONNULL = YES;
				CLANG_ANALYZER_NUMBER_OBJECT_CONVERSION = YES_AGGRESSIVE;
				CLANG_CXX_LANGUAGE_STANDARD = "gnu++14";
				CLANG_CXX_LIBRARY = "libc++";
				CLANG_ENABLE_MODULES = YES;
				CLANG_ENABLE_OBJC_ARC = YES;
				CLANG_ENABLE_OBJC_WEAK = YES;
				CLANG_WARN_BLOCK_CAPTURE_AUTORELEASING = YES;
				CLANG_WARN_BOOL_CONVERSION = YES;
				CLANG_WARN_COMMA = YES;
				CLANG_WARN_CONSTANT_CONVERSION = YES;
				CLANG_WARN_DEPRECATED_OBJC_IMPLEMENTATIONS = YES;
				CLANG_WARN_DIRECT_OBJC_ISA_USAGE = YES_ERROR;
				CLANG_WARN_DOCUMENTATION_COMMENTS = YES;
				CLANG_WARN_EMPTY_BODY = YES;
				CLANG_WARN_ENUM_CONVERSION = YES;
				CLANG_WARN_INFINITE_RECURSION = YES;
				CLANG_WARN_INT_CONVERSION = YES;
				CLANG_WARN_NON_LITERAL_NULL_CONVERSION = YES;
				CLANG_WARN_OBJC_IMPLICIT_RETAIN_SELF = YES;
				CLANG_WARN_OBJC_LITERAL_CONVERSION = YES;
				CLANG_WARN_OBJC_ROOT_CLASS = YES_ERROR;
				CLANG_WARN_RANGE_LOOP_ANALYSIS = YES;
				CLANG_WARN_STRICT_PROTOTYPES = YES;
				CLANG_WARN_SUSPICIOUS_MOVE = YES;
				CLANG_WARN_UNGUARDED_AVAILABILITY = YES_AGGRESSIVE;
				CLANG_WARN_UNREACHABLE_CODE = YES;
				CLANG_WARN__DUPLICATE_METHOD_MATCH = YES;
				CODE_SIGN_IDENTITY = "iPhone Developer";
				COPY_PHASE_STRIP = NO;
				DEBUG_INFORMATION_FORMAT = "dwarf-with-dsym";
				ENABLE_NS_ASSERTIONS = NO;
				ENABLE_STRICT_OBJC_MSGSEND = YES;
				GCC_C_LANGUAGE_STANDARD = gnu11;
				GCC_NO_COMMON_BLOCKS = YES;
				GCC_WARN_64_TO_32_BIT_CONVERSION = YES;
				GCC_WARN_ABOUT_RETURN_TYPE = YES_ERROR;
				GCC_WARN_UNDECLARED_SELECTOR = YES;
				GCC_WARN_UNINITIALIZED_AUTOS = YES_AGGRESSIVE;
				GCC_WARN_UNUSED_FUNCTION = YES;
				GCC_WARN_UNUSED_VARIABLE = YES;
				IPHONEOS_DEPLOYMENT_TARGET = 12.0;
				MTL_ENABLE_DEBUG_INFO = NO;
				MTL_FAST_MATH = YES;
				SDKROOT = iphoneos;
				VALIDATE_PRODUCT = YES;
			};
			name = Release;
		};
		AAD53B0E218023B7000AFF58 /* Debug */ = {
			isa = XCBuildConfiguration;
			buildSettings = {
				ASSETCATALOG_COMPILER_APPICON_NAME = AppIcon;
				CODE_SIGN_STYLE = Automatic;
				DEVELOPMENT_TEAM = 3Q2V97YDRM;
				GCC_PRECOMPILE_PREFIX_HEADER = YES;
				GCC_PREFIX_HEADER = "$(SRCROOT)/Demo/PrefixHeader.pch";
				INFOPLIST_FILE = Demo/Info.plist;
				IPHONEOS_DEPLOYMENT_TARGET = 8.0;
				LD_RUNPATH_SEARCH_PATHS = (
					"$(inherited)",
					"@executable_path/Frameworks",
				);
				PRODUCT_BUNDLE_IDENTIFIER = com.Chan.www.Demo;
				PRODUCT_NAME = "$(TARGET_NAME)";
				TARGETED_DEVICE_FAMILY = "1,2";
			};
			name = Debug;
		};
		AAD53B0F218023B7000AFF58 /* Release */ = {
			isa = XCBuildConfiguration;
			buildSettings = {
				ASSETCATALOG_COMPILER_APPICON_NAME = AppIcon;
				CODE_SIGN_STYLE = Automatic;
				DEVELOPMENT_TEAM = 3Q2V97YDRM;
				GCC_PRECOMPILE_PREFIX_HEADER = YES;
				GCC_PREFIX_HEADER = "$(SRCROOT)/Demo/PrefixHeader.pch";
				INFOPLIST_FILE = Demo/Info.plist;
				IPHONEOS_DEPLOYMENT_TARGET = 8.0;
				LD_RUNPATH_SEARCH_PATHS = (
					"$(inherited)",
					"@executable_path/Frameworks",
				);
				PRODUCT_BUNDLE_IDENTIFIER = com.Chan.www.Demo;
				PRODUCT_NAME = "$(TARGET_NAME)";
				TARGETED_DEVICE_FAMILY = "1,2";
			};
			name = Release;
		};
		AAD53B11218023B7000AFF58 /* Debug */ = {
			isa = XCBuildConfiguration;
			buildSettings = {
				BUNDLE_LOADER = "$(TEST_HOST)";
				CODE_SIGN_STYLE = Automatic;
				INFOPLIST_FILE = DemoTests/Info.plist;
				LD_RUNPATH_SEARCH_PATHS = (
					"$(inherited)",
					"@executable_path/Frameworks",
					"@loader_path/Frameworks",
				);
				PRODUCT_BUNDLE_IDENTIFIER = com.Chan.www.DemoTests;
				PRODUCT_NAME = "$(TARGET_NAME)";
				TARGETED_DEVICE_FAMILY = "1,2";
				TEST_HOST = "$(BUILT_PRODUCTS_DIR)/Demo.app/Demo";
			};
			name = Debug;
		};
		AAD53B12218023B7000AFF58 /* Release */ = {
			isa = XCBuildConfiguration;
			buildSettings = {
				BUNDLE_LOADER = "$(TEST_HOST)";
				CODE_SIGN_STYLE = Automatic;
				INFOPLIST_FILE = DemoTests/Info.plist;
				LD_RUNPATH_SEARCH_PATHS = (
					"$(inherited)",
					"@executable_path/Frameworks",
					"@loader_path/Frameworks",
				);
				PRODUCT_BUNDLE_IDENTIFIER = com.Chan.www.DemoTests;
				PRODUCT_NAME = "$(TARGET_NAME)";
				TARGETED_DEVICE_FAMILY = "1,2";
				TEST_HOST = "$(BUILT_PRODUCTS_DIR)/Demo.app/Demo";
			};
			name = Release;
		};
		AAD53B14218023B7000AFF58 /* Debug */ = {
			isa = XCBuildConfiguration;
			buildSettings = {
				CODE_SIGN_STYLE = Automatic;
				INFOPLIST_FILE = DemoUITests/Info.plist;
				LD_RUNPATH_SEARCH_PATHS = (
					"$(inherited)",
					"@executable_path/Frameworks",
					"@loader_path/Frameworks",
				);
				PRODUCT_BUNDLE_IDENTIFIER = com.Chan.www.DemoUITests;
				PRODUCT_NAME = "$(TARGET_NAME)";
				TARGETED_DEVICE_FAMILY = "1,2";
				TEST_TARGET_NAME = Demo;
			};
			name = Debug;
		};
		AAD53B15218023B7000AFF58 /* Release */ = {
			isa = XCBuildConfiguration;
			buildSettings = {
				CODE_SIGN_STYLE = Automatic;
				INFOPLIST_FILE = DemoUITests/Info.plist;
				LD_RUNPATH_SEARCH_PATHS = (
					"$(inherited)",
					"@executable_path/Frameworks",
					"@loader_path/Frameworks",
				);
				PRODUCT_BUNDLE_IDENTIFIER = com.Chan.www.DemoUITests;
				PRODUCT_NAME = "$(TARGET_NAME)";
				TARGETED_DEVICE_FAMILY = "1,2";
				TEST_TARGET_NAME = Demo;
			};
			name = Release;
		};
/* End XCBuildConfiguration section */

/* Begin XCConfigurationList section */
		AAD53ADC218023B5000AFF58 /* Build configuration list for PBXProject "Demo" */ = {
			isa = XCConfigurationList;
			buildConfigurations = (
				AAD53B0B218023B7000AFF58 /* Debug */,
				AAD53B0C218023B7000AFF58 /* Release */,
			);
			defaultConfigurationIsVisible = 0;
			defaultConfigurationName = Release;
		};
		AAD53B0D218023B7000AFF58 /* Build configuration list for PBXNativeTarget "Demo" */ = {
			isa = XCConfigurationList;
			buildConfigurations = (
				AAD53B0E218023B7000AFF58 /* Debug */,
				AAD53B0F218023B7000AFF58 /* Release */,
			);
			defaultConfigurationIsVisible = 0;
			defaultConfigurationName = Release;
		};
		AAD53B10218023B7000AFF58 /* Build configuration list for PBXNativeTarget "DemoTests" */ = {
			isa = XCConfigurationList;
			buildConfigurations = (
				AAD53B11218023B7000AFF58 /* Debug */,
				AAD53B12218023B7000AFF58 /* Release */,
			);
			defaultConfigurationIsVisible = 0;
			defaultConfigurationName = Release;
		};
		AAD53B13218023B7000AFF58 /* Build configuration list for PBXNativeTarget "DemoUITests" */ = {
			isa = XCConfigurationList;
			buildConfigurations = (
				AAD53B14218023B7000AFF58 /* Debug */,
				AAD53B15218023B7000AFF58 /* Release */,
			);
			defaultConfigurationIsVisible = 0;
			defaultConfigurationName = Release;
		};
/* End XCConfigurationList section */
	};
	rootObject = AAD53AD9218023B5000AFF58 /* Project object */;
}
